{
  "version": 4,
  "terraform_version": "1.15.2",
  "serial": 52,
  "lineage": "7821254f-fedf-0c90-5e1e-2a33a9caf25e",
  "outputs": {
    "cloudwatch_dashboard_name": {
      "value": "fleet-infrastructure-monitoring",
      "type": "string"
    },
    "fleet_data_bucket": {
      "value": "fleet-data-041626773691-20260531173909543900000001",
      "type": "string"
    },
    "glacier_sample_data_keys": {
      "value": [
        "sample-data/glacier-archive/latest_gps.json",
        "sample-data/glacier-archive/shipments.json",
        "sample-data/glacier-archive/vehicles.json",
        "sample-data/glacier-archive/warehouses.json"
      ],
      "type": [
        "list",
        "string"
      ]
    },
    "private_ec2_instances": {
      "value": {
        "private-subnet-1-ec2-1": {
          "id": "i-0e417a18a53f092fb",
          "private_ip": "10.0.10.75",
          "subnet_id": "subnet-03c5121792e4cc935"
        },
        "private-subnet-1-ec2-2": {
          "id": "i-02fdf790aa2bcf43e",
          "private_ip": "10.0.10.51",
          "subnet_id": "subnet-03c5121792e4cc935"
        },
        "private-subnet-2-ec2-1": {
          "id": "i-0c71d555e515e801b",
          "private_ip": "10.0.20.84",
          "subnet_id": "subnet-071f273865ae823e2"
        },
        "private-subnet-2-ec2-2": {
          "id": "i-0a4a7cc7cd8e1ceb5",
          "private_ip": "10.0.20.91",
          "subnet_id": "subnet-071f273865ae823e2"
        }
      },
      "type": [
        "object",
        {
          "private-subnet-1-ec2-1": [
            "object",
            {
              "id": "string",
              "private_ip": "string",
              "subnet_id": "string"
            }
          ],
          "private-subnet-1-ec2-2": [
            "object",
            {
              "id": "string",
              "private_ip": "string",
              "subnet_id": "string"
            }
          ],
          "private-subnet-2-ec2-1": [
            "object",
            {
              "id": "string",
              "private_ip": "string",
              "subnet_id": "string"
            }
          ],
          "private-subnet-2-ec2-2": [
            "object",
            {
              "id": "string",
              "private_ip": "string",
              "subnet_id": "string"
            }
          ]
        }
      ]
    },
    "public_ec2_instances": {
      "value": {
        "public-subnet-1-ec2-1": {
          "id": "i-0a677ce31d181e028",
          "private_ip": "10.0.1.176",
          "public_ip": "54.93.188.35",
          "subnet_id": "subnet-0cfae1a5be7d10ff2"
        },
        "public-subnet-1-ec2-2": {
          "id": "i-01ffa2d24c9da774f",
          "private_ip": "10.0.1.124",
          "public_ip": "18.194.28.125",
          "subnet_id": "subnet-0cfae1a5be7d10ff2"
        },
        "public-subnet-2-ec2-1": {
          "id": "i-0c50249b5b47b772b",
          "private_ip": "10.0.2.187",
          "public_ip": "35.157.113.229",
          "subnet_id": "subnet-0a5d1c901c34f351d"
        },
        "public-subnet-2-ec2-2": {
          "id": "i-08c8e506d690ea823",
          "private_ip": "10.0.2.174",
          "public_ip": "63.176.174.137",
          "subnet_id": "subnet-0a5d1c901c34f351d"
        }
      },
      "type": [
        "object",
        {
          "public-subnet-1-ec2-1": [
            "object",
            {
              "id": "string",
              "private_ip": "string",
              "public_ip": "string",
              "subnet_id": "string"
            }
          ],
          "public-subnet-1-ec2-2": [
            "object",
            {
              "id": "string",
              "private_ip": "string",
              "public_ip": "string",
              "subnet_id": "string"
            }
          ],
          "public-subnet-2-ec2-1": [
            "object",
            {
              "id": "string",
              "private_ip": "string",
              "public_ip": "string",
              "subnet_id": "string"
            }
          ],
          "public-subnet-2-ec2-2": [
            "object",
            {
              "id": "string",
              "private_ip": "string",
              "public_ip": "string",
              "subnet_id": "string"
            }
          ]
        }
      ]
    },
    "s3_sample_data_keys": {
      "value": [
        "sample-data/current/latest_gps.json",
        "sample-data/current/shipments.json",
        "sample-data/current/vehicles.json",
        "sample-data/current/warehouses.json"
      ],
      "type": [
        "list",
        "string"
      ]
    }
  },
  "resources": [
    {
      "mode": "data",
      "type": "aws_ami",
      "name": "ubuntu_jammy",
      "provider": "provider[\"registry.terraform.io/hashicorp/aws\"]",
      "instances": [
        {
          "schema_version": 0,
          "attributes": {
            "allow_unsafe_filter": null,
            "architecture": "x86_64",
            "arn": "arn:aws:ec2:eu-central-1::image/ami-0c905937c14bd22b0",
            "block_device_mappings": [
              {
                "device_name": "/dev/sda1",
                "ebs": {
                  "delete_on_termination": "true",
                  "encrypted": "false",
                  "iops": "0",
                  "snapshot_id": "snap-0b8afe5c6f0b223ca",
                  "throughput": "0",
                  "volume_initialization_rate": "0",
                  "volume_size": "8",
                  "volume_type": "gp2"
                },
                "no_device": "",
                "virtual_name": ""
              },
              {
                "device_name": "/dev/sdb",
                "ebs": {},
                "no_device": "",
                "virtual_name": "ephemeral0"
              },
              {
                "device_name": "/dev/sdc",
                "ebs": {},
                "no_device": "",
                "virtual_name": "ephemeral1"
              }
            ],
            "boot_mode": "uefi-preferred",
            "creation_date": "2026-05-21T07:01:05.000Z",
            "deprecation_time": "2028-05-21T07:01:05.000Z",
            "description": "Canonical, Ubuntu, 22.04, amd64 jammy image",
            "ena_support": true,
            "executable_users": null,
            "filter": [
              {
                "name": "name",
                "values": [
                  "ubuntu/images/hvm-ssd/ubuntu-jammy-22.04-amd64-server-*"
                ]
              },
              {
                "name": "virtualization-type",
                "values": [
                  "hvm"
                ]
              }
            ],
            "hypervisor": "xen",
            "id": "ami-0c905937c14bd22b0",
            "image_id": "ami-0c905937c14bd22b0",
            "image_location": "amazon/ubuntu/images/hvm-ssd/ubuntu-jammy-22.04-amd64-server-20260521",
            "image_owner_alias": "amazon",
            "image_type": "machine",
            "imds_support": "",
            "include_deprecated": false,
            "kernel_id": "",
            "last_launched_time": "",
            "most_recent": true,
            "name": "ubuntu/images/hvm-ssd/ubuntu-jammy-22.04-amd64-server-20260521",
            "name_regex": null,
            "owner_id": "099720109477",
            "owners": [
              "099720109477"
            ],
            "platform": "",
            "platform_details": "Linux/UNIX",
            "product_codes": [],
            "public": true,
            "ramdisk_id": "",
            "region": "eu-central-1",
            "root_device_name": "/dev/sda1",
            "root_device_type": "ebs",
            "root_snapshot_id": "snap-0b8afe5c6f0b223ca",
            "sriov_net_support": "simple",
            "state": "available",
            "state_reason": {
              "code": "UNSET",
              "message": "UNSET"
            },
            "tags": {},
            "timeouts": null,
            "tpm_support": "",
            "uefi_data": null,
            "usage_operation": "RunInstances",
            "virtualization_type": "hvm"
          },
          "sensitive_attributes": [],
          "identity_schema_version": 0
        }
      ]
    },
    {
      "mode": "data",
      "type": "aws_availability_zones",
      "name": "available",
      "provider": "provider[\"registry.terraform.io/hashicorp/aws\"]",
      "instances": [
        {
          "schema_version": 0,
          "attributes": {
            "all_availability_zones": null,
            "exclude_names": null,
            "exclude_zone_ids": null,
            "filter": null,
            "group_names": [
              "eu-central-1-zg-1"
            ],
            "id": "eu-central-1",
            "names": [
              "eu-central-1a",
              "eu-central-1b",
              "eu-central-1c"
            ],
            "region": "eu-central-1",
            "state": "available",
            "timeouts": null,
            "zone_ids": [
              "euc1-az2",
              "euc1-az3",
              "euc1-az1"
            ]
          },
          "sensitive_attributes": [],
          "identity_schema_version": 0
        }
      ]
    },
    {
      "mode": "data",
      "type": "aws_caller_identity",
      "name": "current",
      "provider": "provider[\"registry.terraform.io/hashicorp/aws\"]",
      "instances": [
        {
          "schema_version": 0,
          "attributes": {
            "account_id": "041626773691",
            "arn": "arn:aws:iam::041626773691:user/Mohammed_Salman_Fadel",
            "id": "041626773691",
            "user_id": "AIDAQTMJGFC53GAZQD3BX"
          },
          "sensitive_attributes": [],
          "identity_schema_version": 0
        }
      ]
    },
    {
      "mode": "data",
      "type": "aws_region",
      "name": "current",
      "provider": "provider[\"registry.terraform.io/hashicorp/aws\"]",
      "instances": [
        {
          "schema_version": 0,
          "attributes": {
            "description": "Europe (Frankfurt)",
            "endpoint": "ec2.eu-central-1.amazonaws.com",
            "id": "eu-central-1",
            "name": "eu-central-1",
            "region": "eu-central-1"
          },
          "sensitive_attributes": [],
          "identity_schema_version": 0
        }
      ]
    },
    {
      "mode": "managed",
      "type": "aws_cloudwatch_dashboard",
      "name": "fleet",
      "provider": "provider[\"registry.terraform.io/hashicorp/aws\"]",
      "instances": [
        {
          "schema_version": 0,
          "attributes": {
            "dashboard_arn": "arn:aws:cloudwatch::041626773691:dashboard/fleet-infrastructure-monitoring",
            "dashboard_body": "{\"widgets\":[{\"height\":6,\"properties\":{\"metrics\":[[\"AWS/EC2\",\"CPUUtilization\",\"InstanceId\",\"i-0a677ce31d181e028\",{\"label\":\"public-subnet-1-ec2-1\"}],[\"AWS/EC2\",\"CPUUtilization\",\"InstanceId\",\"i-01ffa2d24c9da774f\",{\"label\":\"public-subnet-1-ec2-2\"}],[\"AWS/EC2\",\"CPUUtilization\",\"InstanceId\",\"i-0c50249b5b47b772b\",{\"label\":\"public-subnet-2-ec2-1\"}],[\"AWS/EC2\",\"CPUUtilization\",\"InstanceId\",\"i-08c8e506d690ea823\",{\"label\":\"public-subnet-2-ec2-2\"}]],\"period\":300,\"region\":\"eu-central-1\",\"stacked\":false,\"stat\":\"Average\",\"title\":\"Public EC2 CPU utilization\",\"view\":\"timeSeries\"},\"type\":\"metric\",\"width\":12,\"x\":0,\"y\":0},{\"height\":6,\"properties\":{\"metrics\":[[\"AWS/EC2\",\"CPUUtilization\",\"InstanceId\",\"i-0e417a18a53f092fb\",{\"label\":\"private-subnet-1-ec2-1\"}],[\"AWS/EC2\",\"CPUUtilization\",\"InstanceId\",\"i-02fdf790aa2bcf43e\",{\"label\":\"private-subnet-1-ec2-2\"}],[\"AWS/EC2\",\"CPUUtilization\",\"InstanceId\",\"i-0c71d555e515e801b\",{\"label\":\"private-subnet-2-ec2-1\"}],[\"AWS/EC2\",\"CPUUtilization\",\"InstanceId\",\"i-0a4a7cc7cd8e1ceb5\",{\"label\":\"private-subnet-2-ec2-2\"}]],\"period\":300,\"region\":\"eu-central-1\",\"stacked\":false,\"stat\":\"Average\",\"title\":\"Private EC2 CPU utilization\",\"view\":\"timeSeries\"},\"type\":\"metric\",\"width\":12,\"x\":12,\"y\":0},{\"height\":6,\"properties\":{\"metrics\":[[\"AWS/EC2\",\"StatusCheckFailed\",\"InstanceId\",\"i-0e417a18a53f092fb\",{\"label\":\"private-subnet-1-ec2-1\"}],[\"AWS/EC2\",\"StatusCheckFailed\",\"InstanceId\",\"i-02fdf790aa2bcf43e\",{\"label\":\"private-subnet-1-ec2-2\"}],[\"AWS/EC2\",\"StatusCheckFailed\",\"InstanceId\",\"i-0c71d555e515e801b\",{\"label\":\"private-subnet-2-ec2-1\"}],[\"AWS/EC2\",\"StatusCheckFailed\",\"InstanceId\",\"i-0a4a7cc7cd8e1ceb5\",{\"label\":\"private-subnet-2-ec2-2\"}],[\"AWS/EC2\",\"StatusCheckFailed\",\"InstanceId\",\"i-0a677ce31d181e028\",{\"label\":\"public-subnet-1-ec2-1\"}],[\"AWS/EC2\",\"StatusCheckFailed\",\"InstanceId\",\"i-01ffa2d24c9da774f\",{\"label\":\"public-subnet-1-ec2-2\"}],[\"AWS/EC2\",\"StatusCheckFailed\",\"InstanceId\",\"i-0c50249b5b47b772b\",{\"label\":\"public-subnet-2-ec2-1\"}],[\"AWS/EC2\",\"StatusCheckFailed\",\"InstanceId\",\"i-08c8e506d690ea823\",{\"label\":\"public-subnet-2-ec2-2\"}]],\"period\":60,\"region\":\"eu-central-1\",\"stacked\":false,\"stat\":\"Maximum\",\"title\":\"EC2 status check failures\",\"view\":\"timeSeries\"},\"type\":\"metric\",\"width\":24,\"x\":0,\"y\":6},{\"height\":3,\"properties\":{\"markdown\":\"## Fleet monitoring\\\\nTracks CPU utilization and EC2 status checks for the public and private EC2 instances created across both Availability Zones.\"},\"type\":\"text\",\"width\":24,\"x\":0,\"y\":12}]}",
            "dashboard_name": "fleet-infrastructure-monitoring",
            "id": "fleet-infrastructure-monitoring",
            "region": "eu-central-1"
          },
          "sensitive_attributes": [],
          "identity_schema_version": 0,
          "private": "bnVsbA==",
          "dependencies": [
            "aws_instance.private",
            "aws_instance.public",
            "aws_security_group.private_ec2",
            "aws_security_group.public_ec2",
            "aws_subnet.private",
            "aws_subnet.public",
            "aws_vpc.main",
            "data.aws_ami.ubuntu_jammy",
            "data.aws_availability_zones.available",
            "data.aws_region.current"
          ]
        }
      ]
    },
    {
      "mode": "managed",
      "type": "aws_cloudwatch_metric_alarm",
      "name": "ec2_high_cpu",
      "provider": "provider[\"registry.terraform.io/hashicorp/aws\"]",
      "instances": [
        {
          "index_key": "private-subnet-1-ec2-1",
          "schema_version": 1,
          "attributes": {
            "actions_enabled": true,
            "alarm_actions": null,
            "alarm_description": "Triggers when average CPU utilization is above 80% for private-subnet-1-ec2-1.",
            "alarm_name": "private-subnet-1-ec2-1-high-cpu",
            "arn": "arn:aws:cloudwatch:eu-central-1:041626773691:alarm:private-subnet-1-ec2-1-high-cpu",
            "comparison_operator": "GreaterThanThreshold",
            "datapoints_to_alarm": 0,
            "dimensions": {
              "InstanceId": "i-0e417a18a53f092fb"
            },
            "evaluate_low_sample_count_percentiles": "",
            "evaluation_criteria": [],
            "evaluation_interval": 0,
            "evaluation_periods": 2,
            "extended_statistic": "",
            "id": "private-subnet-1-ec2-1-high-cpu",
            "insufficient_data_actions": null,
            "metric_name": "CPUUtilization",
            "metric_query": [],
            "namespace": "AWS/EC2",
            "ok_actions": null,
            "period": 300,
            "region": "eu-central-1",
            "statistic": "Average",
            "tags": {
              "Name": "private-subnet-1-ec2-1-high-cpu",
              "Subnet": "private-subnet-1",
              "Tier": "private"
            },
            "tags_all": {
              "Name": "private-subnet-1-ec2-1-high-cpu",
              "Subnet": "private-subnet-1",
              "Tier": "private"
            },
            "threshold": 80,
            "threshold_metric_id": "",
            "treat_missing_data": "notBreaching",
            "unit": ""
          },
          "sensitive_attributes": [],
          "identity_schema_version": 0,
          "identity": {
            "account_id": "041626773691",
            "alarm_name": "private-subnet-1-ec2-1-high-cpu",
            "region": "eu-central-1"
          },
          "private": "eyJzY2hlbWFfdmVyc2lvbiI6IjEifQ==",
          "dependencies": [
            "aws_instance.private",
            "aws_instance.public",
            "aws_security_group.private_ec2",
            "aws_security_group.public_ec2",
            "aws_sns_topic.cloudwatch_alerts",
            "aws_subnet.private",
            "aws_subnet.public",
            "aws_vpc.main",
            "data.aws_ami.ubuntu_jammy",
            "data.aws_availability_zones.available"
          ]
        },
        {
          "index_key": "private-subnet-1-ec2-2",
          "schema_version": 1,
          "attributes": {
            "actions_enabled": true,
            "alarm_actions": null,
            "alarm_description": "Triggers when average CPU utilization is above 80% for private-subnet-1-ec2-2.",
            "alarm_name": "private-subnet-1-ec2-2-high-cpu",
            "arn": "arn:aws:cloudwatch:eu-central-1:041626773691:alarm:private-subnet-1-ec2-2-high-cpu",
            "comparison_operator": "GreaterThanThreshold",
            "datapoints_to_alarm": 0,
            "dimensions": {
              "InstanceId": "i-02fdf790aa2bcf43e"
            },
            "evaluate_low_sample_count_percentiles": "",
            "evaluation_criteria": [],
            "evaluation_interval": 0,
            "evaluation_periods": 2,
            "extended_statistic": "",
            "id": "private-subnet-1-ec2-2-high-cpu",
            "insufficient_data_actions": null,
            "metric_name": "CPUUtilization",
            "metric_query": [],
            "namespace": "AWS/EC2",
            "ok_actions": null,
            "period": 300,
            "region": "eu-central-1",
            "statistic": "Average",
            "tags": {
              "Name": "private-subnet-1-ec2-2-high-cpu",
              "Subnet": "private-subnet-1",
              "Tier": "private"
            },
            "tags_all": {
              "Name": "private-subnet-1-ec2-2-high-cpu",
              "Subnet": "private-subnet-1",
              "Tier": "private"
            },
            "threshold": 80,
            "threshold_metric_id": "",
            "treat_missing_data": "notBreaching",
            "unit": ""
          },
          "sensitive_attributes": [],
          "identity_schema_version": 0,
          "identity": {
            "account_id": "041626773691",
            "alarm_name": "private-subnet-1-ec2-2-high-cpu",
            "region": "eu-central-1"
          },
          "private": "eyJzY2hlbWFfdmVyc2lvbiI6IjEifQ==",
          "dependencies": [
            "aws_instance.private",
            "aws_instance.public",
            "aws_security_group.private_ec2",
            "aws_security_group.public_ec2",
            "aws_sns_topic.cloudwatch_alerts",
            "aws_subnet.private",
            "aws_subnet.public",
            "aws_vpc.main",
            "data.aws_ami.ubuntu_jammy",
            "data.aws_availability_zones.available"
          ]
        },
        {
          "index_key": "private-subnet-2-ec2-1",
          "schema_version": 1,
          "attributes": {
            "actions_enabled": true,
            "alarm_actions": null,
            "alarm_description": "Triggers when average CPU utilization is above 80% for private-subnet-2-ec2-1.",
            "alarm_name": "private-subnet-2-ec2-1-high-cpu",
            "arn": "arn:aws:cloudwatch:eu-central-1:041626773691:alarm:private-subnet-2-ec2-1-high-cpu",
            "comparison_operator": "GreaterThanThreshold",
            "datapoints_to_alarm": 0,
            "dimensions": {
              "InstanceId": "i-0c71d555e515e801b"
            },
            "evaluate_low_sample_count_percentiles": "",
            "evaluation_criteria": [],
            "evaluation_interval": 0,
            "evaluation_periods": 2,
            "extended_statistic": "",
            "id": "private-subnet-2-ec2-1-high-cpu",
            "insufficient_data_actions": null,
            "metric_name": "CPUUtilization",
            "metric_query": [],
            "namespace": "AWS/EC2",
            "ok_actions": null,
            "period": 300,
            "region": "eu-central-1",
            "statistic": "Average",
            "tags": {
              "Name": "private-subnet-2-ec2-1-high-cpu",
              "Subnet": "private-subnet-2",
              "Tier": "private"
            },
            "tags_all": {
              "Name": "private-subnet-2-ec2-1-high-cpu",
              "Subnet": "private-subnet-2",
              "Tier": "private"
            },
            "threshold": 80,
            "threshold_metric_id": "",
            "treat_missing_data": "notBreaching",
            "unit": ""
          },
          "sensitive_attributes": [],
          "identity_schema_version": 0,
          "identity": {
            "account_id": "041626773691",
            "alarm_name": "private-subnet-2-ec2-1-high-cpu",
            "region": "eu-central-1"
          },
          "private": "eyJzY2hlbWFfdmVyc2lvbiI6IjEifQ==",
          "dependencies": [
            "aws_instance.private",
            "aws_instance.public",
            "aws_security_group.private_ec2",
            "aws_security_group.public_ec2",
            "aws_sns_topic.cloudwatch_alerts",
            "aws_subnet.private",
            "aws_subnet.public",
            "aws_vpc.main",
            "data.aws_ami.ubuntu_jammy",
            "data.aws_availability_zones.available"
          ]
        },
        {
          "index_key": "private-subnet-2-ec2-2",
          "schema_version": 1,
          "attributes": {
            "actions_enabled": true,
            "alarm_actions": null,
            "alarm_description": "Triggers when average CPU utilization is above 80% for private-subnet-2-ec2-2.",
            "alarm_name": "private-subnet-2-ec2-2-high-cpu",
            "arn": "arn:aws:cloudwatch:eu-central-1:041626773691:alarm:private-subnet-2-ec2-2-high-cpu",
            "comparison_operator": "GreaterThanThreshold",
            "datapoints_to_alarm": 0,
            "dimensions": {
              "InstanceId": "i-0a4a7cc7cd8e1ceb5"
            },
            "evaluate_low_sample_count_percentiles": "",
            "evaluation_criteria": [],
            "evaluation_interval": 0,
            "evaluation_periods": 2,
            "extended_statistic": "",
            "id": "private-subnet-2-ec2-2-high-cpu",
            "insufficient_data_actions": null,
            "metric_name": "CPUUtilization",
            "metric_query": [],
            "namespace": "AWS/EC2",
            "ok_actions": null,
            "period": 300,
            "region": "eu-central-1",
            "statistic": "Average",
            "tags": {
              "Name": "private-subnet-2-ec2-2-high-cpu",
              "Subnet": "private-subnet-2",
              "Tier": "private"
            },
            "tags_all": {
              "Name": "private-subnet-2-ec2-2-high-cpu",
              "Subnet": "private-subnet-2",
              "Tier": "private"
            },
            "threshold": 80,
            "threshold_metric_id": "",
            "treat_missing_data": "notBreaching",
            "unit": ""
          },
          "sensitive_attributes": [],
          "identity_schema_version": 0,
          "identity": {
            "account_id": "041626773691",
            "alarm_name": "private-subnet-2-ec2-2-high-cpu",
            "region": "eu-central-1"
          },
          "private": "eyJzY2hlbWFfdmVyc2lvbiI6IjEifQ==",
          "dependencies": [
            "aws_instance.private",
            "aws_instance.public",
            "aws_security_group.private_ec2",
            "aws_security_group.public_ec2",
            "aws_sns_topic.cloudwatch_alerts",
            "aws_subnet.private",
            "aws_subnet.public",
            "aws_vpc.main",
            "data.aws_ami.ubuntu_jammy",
            "data.aws_availability_zones.available"
          ]
        },
        {
          "index_key": "public-subnet-1-ec2-1",
          "schema_version": 1,
          "attributes": {
            "actions_enabled": true,
            "alarm_actions": null,
            "alarm_description": "Triggers when average CPU utilization is above 80% for public-subnet-1-ec2-1.",
            "alarm_name": "public-subnet-1-ec2-1-high-cpu",
            "arn": "arn:aws:cloudwatch:eu-central-1:041626773691:alarm:public-subnet-1-ec2-1-high-cpu",
            "comparison_operator": "GreaterThanThreshold",
            "datapoints_to_alarm": 0,
            "dimensions": {
              "InstanceId": "i-0a677ce31d181e028"
            },
            "evaluate_low_sample_count_percentiles": "",
            "evaluation_criteria": [],
            "evaluation_interval": 0,
            "evaluation_periods": 2,
            "extended_statistic": "",
            "id": "public-subnet-1-ec2-1-high-cpu",
            "insufficient_data_actions": null,
            "metric_name": "CPUUtilization",
            "metric_query": [],
            "namespace": "AWS/EC2",
            "ok_actions": null,
            "period": 300,
            "region": "eu-central-1",
            "statistic": "Average",
            "tags": {
              "Name": "public-subnet-1-ec2-1-high-cpu",
              "Subnet": "public-subnet-1",
              "Tier": "public"
            },
            "tags_all": {
              "Name": "public-subnet-1-ec2-1-high-cpu",
              "Subnet": "public-subnet-1",
              "Tier": "public"
            },
            "threshold": 80,
            "threshold_metric_id": "",
            "treat_missing_data": "notBreaching",
            "unit": ""
          },
          "sensitive_attributes": [],
          "identity_schema_version": 0,
          "identity": {
            "account_id": "041626773691",
            "alarm_name": "public-subnet-1-ec2-1-high-cpu",
            "region": "eu-central-1"
          },
          "private": "eyJzY2hlbWFfdmVyc2lvbiI6IjEifQ==",
          "dependencies": [
            "aws_instance.private",
            "aws_instance.public",
            "aws_security_group.private_ec2",
            "aws_security_group.public_ec2",
            "aws_sns_topic.cloudwatch_alerts",
            "aws_subnet.private",
            "aws_subnet.public",
            "aws_vpc.main",
            "data.aws_ami.ubuntu_jammy",
            "data.aws_availability_zones.available"
          ]
        },
        {
          "index_key": "public-subnet-1-ec2-2",
          "schema_version": 1,
          "attributes": {
            "actions_enabled": true,
            "alarm_actions": null,
            "alarm_description": "Triggers when average CPU utilization is above 80% for public-subnet-1-ec2-2.",
            "alarm_name": "public-subnet-1-ec2-2-high-cpu",
            "arn": "arn:aws:cloudwatch:eu-central-1:041626773691:alarm:public-subnet-1-ec2-2-high-cpu",
            "comparison_operator": "GreaterThanThreshold",
            "datapoints_to_alarm": 0,
            "dimensions": {
              "InstanceId": "i-01ffa2d24c9da774f"
            },
            "evaluate_low_sample_count_percentiles": "",
            "evaluation_criteria": [],
            "evaluation_interval": 0,
            "evaluation_periods": 2,
            "extended_statistic": "",
            "id": "public-subnet-1-ec2-2-high-cpu",
            "insufficient_data_actions": null,
            "metric_name": "CPUUtilization",
            "metric_query": [],
            "namespace": "AWS/EC2",
            "ok_actions": null,
            "period": 300,
            "region": "eu-central-1",
            "statistic": "Average",
            "tags": {
              "Name": "public-subnet-1-ec2-2-high-cpu",
              "Subnet": "public-subnet-1",
              "Tier": "public"
            },
            "tags_all": {
              "Name": "public-subnet-1-ec2-2-high-cpu",
              "Subnet": "public-subnet-1",
              "Tier": "public"
            },
            "threshold": 80,
            "threshold_metric_id": "",
            "treat_missing_data": "notBreaching",
            "unit": ""
          },
          "sensitive_attributes": [],
          "identity_schema_version": 0,
          "identity": {
            "account_id": "041626773691",
            "alarm_name": "public-subnet-1-ec2-2-high-cpu",
            "region": "eu-central-1"
          },
          "private": "eyJzY2hlbWFfdmVyc2lvbiI6IjEifQ==",
          "dependencies": [
            "aws_instance.private",
            "aws_instance.public",
            "aws_security_group.private_ec2",
            "aws_security_group.public_ec2",
            "aws_sns_topic.cloudwatch_alerts",
            "aws_subnet.private",
            "aws_subnet.public",
            "aws_vpc.main",
            "data.aws_ami.ubuntu_jammy",
            "data.aws_availability_zones.available"
          ]
        },
        {
          "index_key": "public-subnet-2-ec2-1",
          "schema_version": 1,
          "attributes": {
            "actions_enabled": true,
            "alarm_actions": null,
            "alarm_description": "Triggers when average CPU utilization is above 80% for public-subnet-2-ec2-1.",
            "alarm_name": "public-subnet-2-ec2-1-high-cpu",
            "arn": "arn:aws:cloudwatch:eu-central-1:041626773691:alarm:public-subnet-2-ec2-1-high-cpu",
            "comparison_operator": "GreaterThanThreshold",
            "datapoints_to_alarm": 0,
            "dimensions": {
              "InstanceId": "i-0c50249b5b47b772b"
            },
            "evaluate_low_sample_count_percentiles": "",
            "evaluation_criteria": [],
            "evaluation_interval": 0,
            "evaluation_periods": 2,
            "extended_statistic": "",
            "id": "public-subnet-2-ec2-1-high-cpu",
            "insufficient_data_actions": null,
            "metric_name": "CPUUtilization",
            "metric_query": [],
            "namespace": "AWS/EC2",
            "ok_actions": null,
            "period": 300,
            "region": "eu-central-1",
            "statistic": "Average",
            "tags": {
              "Name": "public-subnet-2-ec2-1-high-cpu",
              "Subnet": "public-subnet-2",
              "Tier": "public"
            },
            "tags_all": {
              "Name": "public-subnet-2-ec2-1-high-cpu",
              "Subnet": "public-subnet-2",
              "Tier": "public"
            },
            "threshold": 80,
            "threshold_metric_id": "",
            "treat_missing_data": "notBreaching",
            "unit": ""
          },
          "sensitive_attributes": [],
          "identity_schema_version": 0,
          "identity": {
            "account_id": "041626773691",
            "alarm_name": "public-subnet-2-ec2-1-high-cpu",
            "region": "eu-central-1"
          },
          "private": "eyJzY2hlbWFfdmVyc2lvbiI6IjEifQ==",
          "dependencies": [
            "aws_instance.private",
            "aws_instance.public",
            "aws_security_group.private_ec2",
            "aws_security_group.public_ec2",
            "aws_sns_topic.cloudwatch_alerts",
            "aws_subnet.private",
            "aws_subnet.public",
            "aws_vpc.main",
            "data.aws_ami.ubuntu_jammy",
            "data.aws_availability_zones.available"
          ]
        },
        {
          "index_key": "public-subnet-2-ec2-2",
          "schema_version": 1,
          "attributes": {
            "actions_enabled": true,
            "alarm_actions": null,
            "alarm_description": "Triggers when average CPU utilization is above 80% for public-subnet-2-ec2-2.",
            "alarm_name": "public-subnet-2-ec2-2-high-cpu",
            "arn": "arn:aws:cloudwatch:eu-central-1:041626773691:alarm:public-subnet-2-ec2-2-high-cpu",
            "comparison_operator": "GreaterThanThreshold",
            "datapoints_to_alarm": 0,
            "dimensions": {
              "InstanceId": "i-08c8e506d690ea823"
            },
            "evaluate_low_sample_count_percentiles": "",
            "evaluation_criteria": [],
            "evaluation_interval": 0,
            "evaluation_periods": 2,
            "extended_statistic": "",
            "id": "public-subnet-2-ec2-2-high-cpu",
            "insufficient_data_actions": null,
            "metric_name": "CPUUtilization",
            "metric_query": [],
            "namespace": "AWS/EC2",
            "ok_actions": null,
            "period": 300,
            "region": "eu-central-1",
            "statistic": "Average",
            "tags": {
              "Name": "public-subnet-2-ec2-2-high-cpu",
              "Subnet": "public-subnet-2",
              "Tier": "public"
            },
            "tags_all": {
              "Name": "public-subnet-2-ec2-2-high-cpu",
              "Subnet": "public-subnet-2",
              "Tier": "public"
            },
            "threshold": 80,
            "threshold_metric_id": "",
            "treat_missing_data": "notBreaching",
            "unit": ""
          },
          "sensitive_attributes": [],
          "identity_schema_version": 0,
          "identity": {
            "account_id": "041626773691",
            "alarm_name": "public-subnet-2-ec2-2-high-cpu",
            "region": "eu-central-1"
          },
          "private": "eyJzY2hlbWFfdmVyc2lvbiI6IjEifQ==",
          "dependencies": [
            "aws_instance.private",
            "aws_instance.public",
            "aws_security_group.private_ec2",
            "aws_security_group.public_ec2",
            "aws_sns_topic.cloudwatch_alerts",
            "aws_subnet.private",
            "aws_subnet.public",
            "aws_vpc.main",
            "data.aws_ami.ubuntu_jammy",
            "data.aws_availability_zones.available"
          ]
        }
      ]
    },
    {
      "mode": "managed",
      "type": "aws_cloudwatch_metric_alarm",
      "name": "ec2_status_check_failed",
      "provider": "provider[\"registry.terraform.io/hashicorp/aws\"]",
      "instances": [
        {
          "index_key": "private-subnet-1-ec2-1",
          "schema_version": 1,
          "attributes": {
            "actions_enabled": true,
            "alarm_actions": null,
            "alarm_description": "Triggers when EC2 status checks fail for private-subnet-1-ec2-1.",
            "alarm_name": "private-subnet-1-ec2-1-status-check-failed",
            "arn": "arn:aws:cloudwatch:eu-central-1:041626773691:alarm:private-subnet-1-ec2-1-status-check-failed",
            "comparison_operator": "GreaterThanThreshold",
            "datapoints_to_alarm": 0,
            "dimensions": {
              "InstanceId": "i-0e417a18a53f092fb"
            },
            "evaluate_low_sample_count_percentiles": "",
            "evaluation_criteria": [],
            "evaluation_interval": 0,
            "evaluation_periods": 2,
            "extended_statistic": "",
            "id": "private-subnet-1-ec2-1-status-check-failed",
            "insufficient_data_actions": null,
            "metric_name": "StatusCheckFailed",
            "metric_query": [],
            "namespace": "AWS/EC2",
            "ok_actions": null,
            "period": 60,
            "region": "eu-central-1",
            "statistic": "Maximum",
            "tags": {
              "Name": "private-subnet-1-ec2-1-status-check-failed",
              "Subnet": "private-subnet-1",
              "Tier": "private"
            },
            "tags_all": {
              "Name": "private-subnet-1-ec2-1-status-check-failed",
              "Subnet": "private-subnet-1",
              "Tier": "private"
            },
            "threshold": 0,
            "threshold_metric_id": "",
            "treat_missing_data": "notBreaching",
            "unit": ""
          },
          "sensitive_attributes": [],
          "identity_schema_version": 0,
          "identity": {
            "account_id": "041626773691",
            "alarm_name": "private-subnet-1-ec2-1-status-check-failed",
            "region": "eu-central-1"
          },
          "private": "eyJzY2hlbWFfdmVyc2lvbiI6IjEifQ==",
          "dependencies": [
            "aws_instance.private",
            "aws_instance.public",
            "aws_security_group.private_ec2",
            "aws_security_group.public_ec2",
            "aws_sns_topic.cloudwatch_alerts",
            "aws_subnet.private",
            "aws_subnet.public",
            "aws_vpc.main",
            "data.aws_ami.ubuntu_jammy",
            "data.aws_availability_zones.available"
          ]
        },
        {
          "index_key": "private-subnet-1-ec2-2",
          "schema_version": 1,
          "attributes": {
            "actions_enabled": true,
            "alarm_actions": null,
            "alarm_description": "Triggers when EC2 status checks fail for private-subnet-1-ec2-2.",
            "alarm_name": "private-subnet-1-ec2-2-status-check-failed",
            "arn": "arn:aws:cloudwatch:eu-central-1:041626773691:alarm:private-subnet-1-ec2-2-status-check-failed",
            "comparison_operator": "GreaterThanThreshold",
            "datapoints_to_alarm": 0,
            "dimensions": {
              "InstanceId": "i-02fdf790aa2bcf43e"
            },
            "evaluate_low_sample_count_percentiles": "",
            "evaluation_criteria": [],
            "evaluation_interval": 0,
            "evaluation_periods": 2,
            "extended_statistic": "",
            "id": "private-subnet-1-ec2-2-status-check-failed",
            "insufficient_data_actions": null,
            "metric_name": "StatusCheckFailed",
            "metric_query": [],
            "namespace": "AWS/EC2",
            "ok_actions": null,
            "period": 60,
            "region": "eu-central-1",
            "statistic": "Maximum",
            "tags": {
              "Name": "private-subnet-1-ec2-2-status-check-failed",
              "Subnet": "private-subnet-1",
              "Tier": "private"
            },
            "tags_all": {
              "Name": "private-subnet-1-ec2-2-status-check-failed",
              "Subnet": "private-subnet-1",
              "Tier": "private"
            },
            "threshold": 0,
            "threshold_metric_id": "",
            "treat_missing_data": "notBreaching",
            "unit": ""
          },
          "sensitive_attributes": [],
          "identity_schema_version": 0,
          "identity": {
            "account_id": "041626773691",
            "alarm_name": "private-subnet-1-ec2-2-status-check-failed",
            "region": "eu-central-1"
          },
          "private": "eyJzY2hlbWFfdmVyc2lvbiI6IjEifQ==",
          "dependencies": [
            "aws_instance.private",
            "aws_instance.public",
            "aws_security_group.private_ec2",
            "aws_security_group.public_ec2",
            "aws_sns_topic.cloudwatch_alerts",
            "aws_subnet.private",
            "aws_subnet.public",
            "aws_vpc.main",
            "data.aws_ami.ubuntu_jammy",
            "data.aws_availability_zones.available"
          ]
        },
        {
          "index_key": "private-subnet-2-ec2-1",
          "schema_version": 1,
          "attributes": {
            "actions_enabled": true,
            "alarm_actions": null,
            "alarm_description": "Triggers when EC2 status checks fail for private-subnet-2-ec2-1.",
            "alarm_name": "private-subnet-2-ec2-1-status-check-failed",
            "arn": "arn:aws:cloudwatch:eu-central-1:041626773691:alarm:private-subnet-2-ec2-1-status-check-failed",
            "comparison_operator": "GreaterThanThreshold",
            "datapoints_to_alarm": 0,
            "dimensions": {
              "InstanceId": "i-0c71d555e515e801b"
            },
            "evaluate_low_sample_count_percentiles": "",
            "evaluation_criteria": [],
            "evaluation_interval": 0,
            "evaluation_periods": 2,
            "extended_statistic": "",
            "id": "private-subnet-2-ec2-1-status-check-failed",
            "insufficient_data_actions": null,
            "metric_name": "StatusCheckFailed",
            "metric_query": [],
            "namespace": "AWS/EC2",
            "ok_actions": null,
            "period": 60,
            "region": "eu-central-1",
            "statistic": "Maximum",
            "tags": {
              "Name": "private-subnet-2-ec2-1-status-check-failed",
              "Subnet": "private-subnet-2",
              "Tier": "private"
            },
            "tags_all": {
              "Name": "private-subnet-2-ec2-1-status-check-failed",
              "Subnet": "private-subnet-2",
              "Tier": "private"
            },
            "threshold": 0,
            "threshold_metric_id": "",
            "treat_missing_data": "notBreaching",
            "unit": ""
          },
          "sensitive_attributes": [],
          "identity_schema_version": 0,
          "identity": {
            "account_id": "041626773691",
            "alarm_name": "private-subnet-2-ec2-1-status-check-failed",
            "region": "eu-central-1"
          },
          "private": "eyJzY2hlbWFfdmVyc2lvbiI6IjEifQ==",
          "dependencies": [
            "aws_instance.private",
            "aws_instance.public",
            "aws_security_group.private_ec2",
            "aws_security_group.public_ec2",
            "aws_sns_topic.cloudwatch_alerts",
            "aws_subnet.private",
            "aws_subnet.public",
            "aws_vpc.main",
            "data.aws_ami.ubuntu_jammy",
            "data.aws_availability_zones.available"
          ]
        },
        {
          "index_key": "private-subnet-2-ec2-2",
          "schema_version": 1,
          "attributes": {
            "actions_enabled": true,
            "alarm_actions": null,
            "alarm_description": "Triggers when EC2 status checks fail for private-subnet-2-ec2-2.",
            "alarm_name": "private-subnet-2-ec2-2-status-check-failed",
            "arn": "arn:aws:cloudwatch:eu-central-1:041626773691:alarm:private-subnet-2-ec2-2-status-check-failed",
            "comparison_operator": "GreaterThanThreshold",
            "datapoints_to_alarm": 0,
            "dimensions": {
              "InstanceId": "i-0a4a7cc7cd8e1ceb5"
            },
            "evaluate_low_sample_count_percentiles": "",
            "evaluation_criteria": [],
            "evaluation_interval": 0,
            "evaluation_periods": 2,
            "extended_statistic": "",
            "id": "private-subnet-2-ec2-2-status-check-failed",
            "insufficient_data_actions": null,
            "metric_name": "StatusCheckFailed",
            "metric_query": [],
            "namespace": "AWS/EC2",
            "ok_actions": null,
            "period": 60,
            "region": "eu-central-1",
            "statistic": "Maximum",
            "tags": {
              "Name": "private-subnet-2-ec2-2-status-check-failed",
              "Subnet": "private-subnet-2",
              "Tier": "private"
            },
            "tags_all": {
              "Name": "private-subnet-2-ec2-2-status-check-failed",
              "Subnet": "private-subnet-2",
              "Tier": "private"
            },
            "threshold": 0,
            "threshold_metric_id": "",
            "treat_missing_data": "notBreaching",
            "unit": ""
          },
          "sensitive_attributes": [],
          "identity_schema_version": 0,
          "identity": {
            "account_id": "041626773691",
            "alarm_name": "private-subnet-2-ec2-2-status-check-failed",
            "region": "eu-central-1"
          },
          "private": "eyJzY2hlbWFfdmVyc2lvbiI6IjEifQ==",
          "dependencies": [
            "aws_instance.private",
            "aws_instance.public",
            "aws_security_group.private_ec2",
            "aws_security_group.public_ec2",
            "aws_sns_topic.cloudwatch_alerts",
            "aws_subnet.private",
            "aws_subnet.public",
            "aws_vpc.main",
            "data.aws_ami.ubuntu_jammy",
            "data.aws_availability_zones.available"
          ]
        },
        {
          "index_key": "public-subnet-1-ec2-1",
          "schema_version": 1,
          "attributes": {
            "actions_enabled": true,
            "alarm_actions": null,
            "alarm_description": "Triggers when EC2 status checks fail for public-subnet-1-ec2-1.",
            "alarm_name": "public-subnet-1-ec2-1-status-check-failed",
            "arn": "arn:aws:cloudwatch:eu-central-1:041626773691:alarm:public-subnet-1-ec2-1-status-check-failed",
            "comparison_operator": "GreaterThanThreshold",
            "datapoints_to_alarm": 0,
            "dimensions": {
              "InstanceId": "i-0a677ce31d181e028"
            },
            "evaluate_low_sample_count_percentiles": "",
            "evaluation_criteria": [],
            "evaluation_interval": 0,
            "evaluation_periods": 2,
            "extended_statistic": "",
            "id": "public-subnet-1-ec2-1-status-check-failed",
            "insufficient_data_actions": null,
            "metric_name": "StatusCheckFailed",
            "metric_query": [],
            "namespace": "AWS/EC2",
            "ok_actions": null,
            "period": 60,
            "region": "eu-central-1",
            "statistic": "Maximum",
            "tags": {
              "Name": "public-subnet-1-ec2-1-status-check-failed",
              "Subnet": "public-subnet-1",
              "Tier": "public"
            },
            "tags_all": {
              "Name": "public-subnet-1-ec2-1-status-check-failed",
              "Subnet": "public-subnet-1",
              "Tier": "public"
            },
            "threshold": 0,
            "threshold_metric_id": "",
            "treat_missing_data": "notBreaching",
            "unit": ""
          },
          "sensitive_attributes": [],
          "identity_schema_version": 0,
          "identity": {
            "account_id": "041626773691",
            "alarm_name": "public-subnet-1-ec2-1-status-check-failed",
            "region": "eu-central-1"
          },
          "private": "eyJzY2hlbWFfdmVyc2lvbiI6IjEifQ==",
          "dependencies": [
            "aws_instance.private",
            "aws_instance.public",
            "aws_security_group.private_ec2",
            "aws_security_group.public_ec2",
            "aws_sns_topic.cloudwatch_alerts",
            "aws_subnet.private",
            "aws_subnet.public",
            "aws_vpc.main",
            "data.aws_ami.ubuntu_jammy",
            "data.aws_availability_zones.available"
          ]
        },
        {
          "index_key": "public-subnet-1-ec2-2",
          "schema_version": 1,
          "attributes": {
            "actions_enabled": true,
            "alarm_actions": null,
            "alarm_description": "Triggers when EC2 status checks fail for public-subnet-1-ec2-2.",
            "alarm_name": "public-subnet-1-ec2-2-status-check-failed",
            "arn": "arn:aws:cloudwatch:eu-central-1:041626773691:alarm:public-subnet-1-ec2-2-status-check-failed",
            "comparison_operator": "GreaterThanThreshold",
            "datapoints_to_alarm": 0,
            "dimensions": {
              "InstanceId": "i-01ffa2d24c9da774f"
            },
            "evaluate_low_sample_count_percentiles": "",
            "evaluation_criteria": [],
            "evaluation_interval": 0,
            "evaluation_periods": 2,
            "extended_statistic": "",
            "id": "public-subnet-1-ec2-2-status-check-failed",
            "insufficient_data_actions": null,
            "metric_name": "StatusCheckFailed",
            "metric_query": [],
            "namespace": "AWS/EC2",
            "ok_actions": null,
            "period": 60,
            "region": "eu-central-1",
            "statistic": "Maximum",
            "tags": {
              "Name": "public-subnet-1-ec2-2-status-check-failed",
              "Subnet": "public-subnet-1",
              "Tier": "public"
            },
            "tags_all": {
              "Name": "public-subnet-1-ec2-2-status-check-failed",
              "Subnet": "public-subnet-1",
              "Tier": "public"
            },
            "threshold": 0,
            "threshold_metric_id": "",
            "treat_missing_data": "notBreaching",
            "unit": ""
          },
          "sensitive_attributes": [],
          "identity_schema_version": 0,
          "identity": {
            "account_id": "041626773691",
            "alarm_name": "public-subnet-1-ec2-2-status-check-failed",
            "region": "eu-central-1"
          },
          "private": "eyJzY2hlbWFfdmVyc2lvbiI6IjEifQ==",
          "dependencies": [
            "aws_instance.private",
            "aws_instance.public",
            "aws_security_group.private_ec2",
            "aws_security_group.public_ec2",
            "aws_sns_topic.cloudwatch_alerts",
            "aws_subnet.private",
            "aws_subnet.public",
            "aws_vpc.main",
            "data.aws_ami.ubuntu_jammy",
            "data.aws_availability_zones.available"
          ]
        },
        {
          "index_key": "public-subnet-2-ec2-1",
          "schema_version": 1,
          "attributes": {
            "actions_enabled": true,
            "alarm_actions": null,
            "alarm_description": "Triggers when EC2 status checks fail for public-subnet-2-ec2-1.",
            "alarm_name": "public-subnet-2-ec2-1-status-check-failed",
            "arn": "arn:aws:cloudwatch:eu-central-1:041626773691:alarm:public-subnet-2-ec2-1-status-check-failed",
            "comparison_operator": "GreaterThanThreshold",
            "datapoints_to_alarm": 0,
            "dimensions": {
              "InstanceId": "i-0c50249b5b47b772b"
            },
            "evaluate_low_sample_count_percentiles": "",
            "evaluation_criteria": [],
            "evaluation_interval": 0,
            "evaluation_periods": 2,
            "extended_statistic": "",
            "id": "public-subnet-2-ec2-1-status-check-failed",
            "insufficient_data_actions": null,
            "metric_name": "StatusCheckFailed",
            "metric_query": [],
            "namespace": "AWS/EC2",
            "ok_actions": null,
            "period": 60,
            "region": "eu-central-1",
            "statistic": "Maximum",
            "tags": {
              "Name": "public-subnet-2-ec2-1-status-check-failed",
              "Subnet": "public-subnet-2",
              "Tier": "public"
            },
            "tags_all": {
              "Name": "public-subnet-2-ec2-1-status-check-failed",
              "Subnet": "public-subnet-2",
              "Tier": "public"
            },
            "threshold": 0,
            "threshold_metric_id": "",
            "treat_missing_data": "notBreaching",
            "unit": ""
          },
          "sensitive_attributes": [],
          "identity_schema_version": 0,
          "identity": {
            "account_id": "041626773691",
            "alarm_name": "public-subnet-2-ec2-1-status-check-failed",
            "region": "eu-central-1"
          },
          "private": "eyJzY2hlbWFfdmVyc2lvbiI6IjEifQ==",
          "dependencies": [
            "aws_instance.private",
            "aws_instance.public",
            "aws_security_group.private_ec2",
            "aws_security_group.public_ec2",
            "aws_sns_topic.cloudwatch_alerts",
            "aws_subnet.private",
            "aws_subnet.public",
            "aws_vpc.main",
            "data.aws_ami.ubuntu_jammy",
            "data.aws_availability_zones.available"
          ]
        },
        {
          "index_key": "public-subnet-2-ec2-2",
          "schema_version": 1,
          "attributes": {
            "actions_enabled": true,
            "alarm_actions": null,
            "alarm_description": "Triggers when EC2 status checks fail for public-subnet-2-ec2-2.",
            "alarm_name": "public-subnet-2-ec2-2-status-check-failed",
            "arn": "arn:aws:cloudwatch:eu-central-1:041626773691:alarm:public-subnet-2-ec2-2-status-check-failed",
            "comparison_operator": "GreaterThanThreshold",
            "datapoints_to_alarm": 0,
            "dimensions": {
              "InstanceId": "i-08c8e506d690ea823"
            },
            "evaluate_low_sample_count_percentiles": "",
            "evaluation_criteria": [],
            "evaluation_interval": 0,
            "evaluation_periods": 2,
            "extended_statistic": "",
            "id": "public-subnet-2-ec2-2-status-check-failed",
            "insufficient_data_actions": null,
            "metric_name": "StatusCheckFailed",
            "metric_query": [],
            "namespace": "AWS/EC2",
            "ok_actions": null,
            "period": 60,
            "region": "eu-central-1",
            "statistic": "Maximum",
            "tags": {
              "Name": "public-subnet-2-ec2-2-status-check-failed",
              "Subnet": "public-subnet-2",
              "Tier": "public"
            },
            "tags_all": {
              "Name": "public-subnet-2-ec2-2-status-check-failed",
              "Subnet": "public-subnet-2",
              "Tier": "public"
            },
            "threshold": 0,
            "threshold_metric_id": "",
            "treat_missing_data": "notBreaching",
            "unit": ""
          },
          "sensitive_attributes": [],
          "identity_schema_version": 0,
          "identity": {
            "account_id": "041626773691",
            "alarm_name": "public-subnet-2-ec2-2-status-check-failed",
            "region": "eu-central-1"
          },
          "private": "eyJzY2hlbWFfdmVyc2lvbiI6IjEifQ==",
          "dependencies": [
            "aws_instance.private",
            "aws_instance.public",
            "aws_security_group.private_ec2",
            "aws_security_group.public_ec2",
            "aws_sns_topic.cloudwatch_alerts",
            "aws_subnet.private",
            "aws_subnet.public",
            "aws_vpc.main",
            "data.aws_ami.ubuntu_jammy",
            "data.aws_availability_zones.available"
          ]
        }
      ]
    },
    {
      "mode": "managed",
      "type": "aws_instance",
      "name": "private",
      "provider": "provider[\"registry.terraform.io/hashicorp/aws\"]",
      "instances": [
        {
          "index_key": 0,
          "schema_version": 2,
          "attributes": {
            "ami": "ami-0c905937c14bd22b0",
            "arn": "arn:aws:ec2:eu-central-1:041626773691:instance/i-0e417a18a53f092fb",
            "associate_public_ip_address": false,
            "availability_zone": "eu-central-1a",
            "capacity_reservation_specification": [
              {
                "capacity_reservation_preference": "open",
                "capacity_reservation_target": []
              }
            ],
            "cpu_options": [
              {
                "amd_sev_snp": "",
                "core_count": 1,
                "nested_virtualization": "",
                "threads_per_core": 2
              }
            ],
            "credit_specification": [
              {
                "cpu_credits": "unlimited"
              }
            ],
            "disable_api_stop": false,
            "disable_api_termination": false,
            "ebs_block_device": [],
            "ebs_optimized": false,
            "enable_primary_ipv6": null,
            "enclave_options": [
              {
                "enabled": false
              }
            ],
            "ephemeral_block_device": [],
            "force_destroy": false,
            "get_password_data": false,
            "hibernation": false,
            "host_id": "",
            "host_resource_group_arn": null,
            "iam_instance_profile": "",
            "id": "i-0e417a18a53f092fb",
            "instance_initiated_shutdown_behavior": "stop",
            "instance_lifecycle": "",
            "instance_market_options": [],
            "instance_state": "running",
            "instance_type": "t3.micro",
            "ipv6_address_count": 0,
            "ipv6_addresses": [],
            "key_name": "",
            "launch_template": [],
            "maintenance_options": [
              {
                "auto_recovery": "default"
              }
            ],
            "metadata_options": [
              {
                "http_endpoint": "enabled",
                "http_protocol_ipv6": "disabled",
                "http_put_response_hop_limit": 1,
                "http_tokens": "optional",
                "instance_metadata_tags": "disabled"
              }
            ],
            "monitoring": false,
            "network_interface": [],
            "outpost_arn": "",
            "password_data": "",
            "placement_group": "",
            "placement_group_id": "",
            "placement_partition_number": 0,
            "primary_network_interface": [
              {
                "delete_on_termination": true,
                "network_interface_id": "eni-07818afde38a329ab"
              }
            ],
            "primary_network_interface_id": "eni-07818afde38a329ab",
            "private_dns": "ip-10-0-10-75.eu-central-1.compute.internal",
            "private_dns_name_options": [
              {
                "enable_resource_name_dns_a_record": false,
                "enable_resource_name_dns_aaaa_record": false,
                "hostname_type": "ip-name"
              }
            ],
            "private_ip": "10.0.10.75",
            "public_dns": "",
            "public_ip": "",
            "region": "eu-central-1",
            "root_block_device": [
              {
                "delete_on_termination": true,
                "device_name": "/dev/sda1",
                "encrypted": false,
                "iops": 100,
                "kms_key_id": "",
                "tags": {},
                "tags_all": {},
                "throughput": 0,
                "volume_id": "vol-09788d45f4523bfd6",
                "volume_size": 8,
                "volume_type": "gp2"
              }
            ],
            "secondary_network_interface": [],
            "secondary_private_ips": [],
            "security_groups": [],
            "source_dest_check": true,
            "spot_instance_request_id": "",
            "subnet_id": "subnet-03c5121792e4cc935",
            "tags": {
              "Name": "private-subnet-1-ec2-1",
              "Subnet": "private-subnet-1",
              "Tier": "private"
            },
            "tags_all": {
              "Name": "private-subnet-1-ec2-1",
              "Subnet": "private-subnet-1",
              "Tier": "private"
            },
            "tenancy": "default",
            "timeouts": null,
            "user_data": null,
            "user_data_base64": null,
            "user_data_replace_on_change": false,
            "volume_tags": null,
            "vpc_security_group_ids": [
              "sg-02a31519f451faa51"
            ]
          },
          "sensitive_attributes": [],
          "identity_schema_version": 0,
          "identity": {
            "account_id": "041626773691",
            "id": "i-0e417a18a53f092fb",
            "region": "eu-central-1"
          },
          "private": "eyJlMmJmYjczMC1lY2FhLTExZTYtOGY4OC0zNDM2M2JjN2M0YzAiOnsiY3JlYXRlIjo2MDAwMDAwMDAwMDAsImRlbGV0ZSI6MTIwMDAwMDAwMDAwMCwicmVhZCI6OTAwMDAwMDAwMDAwLCJ1cGRhdGUiOjYwMDAwMDAwMDAwMH0sInNjaGVtYV92ZXJzaW9uIjoiMiJ9",
          "dependencies": [
            "aws_security_group.private_ec2",
            "aws_subnet.private",
            "aws_vpc.main",
            "data.aws_ami.ubuntu_jammy",
            "data.aws_availability_zones.available"
          ]
        },
        {
          "index_key": 1,
          "schema_version": 2,
          "attributes": {
            "ami": "ami-0c905937c14bd22b0",
            "arn": "arn:aws:ec2:eu-central-1:041626773691:instance/i-02fdf790aa2bcf43e",
            "associate_public_ip_address": false,
            "availability_zone": "eu-central-1a",
            "capacity_reservation_specification": [
              {
                "capacity_reservation_preference": "open",
                "capacity_reservation_target": []
              }
            ],
            "cpu_options": [
              {
                "amd_sev_snp": "",
                "core_count": 1,
                "nested_virtualization": "",
                "threads_per_core": 2
              }
            ],
            "credit_specification": [
              {
                "cpu_credits": "unlimited"
              }
            ],
            "disable_api_stop": false,
            "disable_api_termination": false,
            "ebs_block_device": [],
            "ebs_optimized": false,
            "enable_primary_ipv6": null,
            "enclave_options": [
              {
                "enabled": false
              }
            ],
            "ephemeral_block_device": [],
            "force_destroy": false,
            "get_password_data": false,
            "hibernation": false,
            "host_id": "",
            "host_resource_group_arn": null,
            "iam_instance_profile": "",
            "id": "i-02fdf790aa2bcf43e",
            "instance_initiated_shutdown_behavior": "stop",
            "instance_lifecycle": "",
            "instance_market_options": [],
            "instance_state": "running",
            "instance_type": "t3.micro",
            "ipv6_address_count": 0,
            "ipv6_addresses": [],
            "key_name": "",
            "launch_template": [],
            "maintenance_options": [
              {
                "auto_recovery": "default"
              }
            ],
            "metadata_options": [
              {
                "http_endpoint": "enabled",
                "http_protocol_ipv6": "disabled",
                "http_put_response_hop_limit": 1,
                "http_tokens": "optional",
                "instance_metadata_tags": "disabled"
              }
            ],
            "monitoring": false,
            "network_interface": [],
            "outpost_arn": "",
            "password_data": "",
            "placement_group": "",
            "placement_group_id": "",
            "placement_partition_number": 0,
            "primary_network_interface": [
              {
                "delete_on_termination": true,
                "network_interface_id": "eni-07ad6b42a280fc0b2"
              }
            ],
            "primary_network_interface_id": "eni-07ad6b42a280fc0b2",
            "private_dns": "ip-10-0-10-51.eu-central-1.compute.internal",
            "private_dns_name_options": [
              {
                "enable_resource_name_dns_a_record": false,
                "enable_resource_name_dns_aaaa_record": false,
                "hostname_type": "ip-name"
              }
            ],
            "private_ip": "10.0.10.51",
            "public_dns": "",
            "public_ip": "",
            "region": "eu-central-1",
            "root_block_device": [
              {
                "delete_on_termination": true,
                "device_name": "/dev/sda1",
                "encrypted": false,
                "iops": 100,
                "kms_key_id": "",
                "tags": {},
                "tags_all": {},
                "throughput": 0,
                "volume_id": "vol-04b8876f7015d11b9",
                "volume_size": 8,
                "volume_type": "gp2"
              }
            ],
            "secondary_network_interface": [],
            "secondary_private_ips": [],
            "security_groups": [],
            "source_dest_check": true,
            "spot_instance_request_id": "",
            "subnet_id": "subnet-03c5121792e4cc935",
            "tags": {
              "Name": "private-subnet-1-ec2-2",
              "Subnet": "private-subnet-1",
              "Tier": "private"
            },
            "tags_all": {
              "Name": "private-subnet-1-ec2-2",
              "Subnet": "private-subnet-1",
              "Tier": "private"
            },
            "tenancy": "default",
            "timeouts": null,
            "user_data": null,
            "user_data_base64": null,
            "user_data_replace_on_change": false,
            "volume_tags": null,
            "vpc_security_group_ids": [
              "sg-02a31519f451faa51"
            ]
          },
          "sensitive_attributes": [],
          "identity_schema_version": 0,
          "identity": {
            "account_id": "041626773691",
            "id": "i-02fdf790aa2bcf43e",
            "region": "eu-central-1"
          },
          "private": "eyJlMmJmYjczMC1lY2FhLTExZTYtOGY4OC0zNDM2M2JjN2M0YzAiOnsiY3JlYXRlIjo2MDAwMDAwMDAwMDAsImRlbGV0ZSI6MTIwMDAwMDAwMDAwMCwicmVhZCI6OTAwMDAwMDAwMDAwLCJ1cGRhdGUiOjYwMDAwMDAwMDAwMH0sInNjaGVtYV92ZXJzaW9uIjoiMiJ9",
          "dependencies": [
            "aws_security_group.private_ec2",
            "aws_subnet.private",
            "aws_vpc.main",
            "data.aws_ami.ubuntu_jammy",
            "data.aws_availability_zones.available"
          ]
        },
        {
          "index_key": 2,
          "schema_version": 2,
          "attributes": {
            "ami": "ami-0c905937c14bd22b0",
            "arn": "arn:aws:ec2:eu-central-1:041626773691:instance/i-0c71d555e515e801b",
            "associate_public_ip_address": false,
            "availability_zone": "eu-central-1b",
            "capacity_reservation_specification": [
              {
                "capacity_reservation_preference": "open",
                "capacity_reservation_target": []
              }
            ],
            "cpu_options": [
              {
                "amd_sev_snp": "",
                "core_count": 1,
                "nested_virtualization": "",
                "threads_per_core": 2
              }
            ],
            "credit_specification": [
              {
                "cpu_credits": "unlimited"
              }
            ],
            "disable_api_stop": false,
            "disable_api_termination": false,
            "ebs_block_device": [],
            "ebs_optimized": false,
            "enable_primary_ipv6": null,
            "enclave_options": [
              {
                "enabled": false
              }
            ],
            "ephemeral_block_device": [],
            "force_destroy": false,
            "get_password_data": false,
            "hibernation": false,
            "host_id": "",
            "host_resource_group_arn": null,
            "iam_instance_profile": "",
            "id": "i-0c71d555e515e801b",
            "instance_initiated_shutdown_behavior": "stop",
            "instance_lifecycle": "",
            "instance_market_options": [],
            "instance_state": "running",
            "instance_type": "t3.micro",
            "ipv6_address_count": 0,
            "ipv6_addresses": [],
            "key_name": "",
            "launch_template": [],
            "maintenance_options": [
              {
                "auto_recovery": "default"
              }
            ],
            "metadata_options": [
              {
                "http_endpoint": "enabled",
                "http_protocol_ipv6": "disabled",
                "http_put_response_hop_limit": 1,
                "http_tokens": "optional",
                "instance_metadata_tags": "disabled"
              }
            ],
            "monitoring": false,
            "network_interface": [],
            "outpost_arn": "",
            "password_data": "",
            "placement_group": "",
            "placement_group_id": "",
            "placement_partition_number": 0,
            "primary_network_interface": [
              {
                "delete_on_termination": true,
                "network_interface_id": "eni-02b1c226370fb7703"
              }
            ],
            "primary_network_interface_id": "eni-02b1c226370fb7703",
            "private_dns": "ip-10-0-20-84.eu-central-1.compute.internal",
            "private_dns_name_options": [
              {
                "enable_resource_name_dns_a_record": false,
                "enable_resource_name_dns_aaaa_record": false,
                "hostname_type": "ip-name"
              }
            ],
            "private_ip": "10.0.20.84",
            "public_dns": "",
            "public_ip": "",
            "region": "eu-central-1",
            "root_block_device": [
              {
                "delete_on_termination": true,
                "device_name": "/dev/sda1",
                "encrypted": false,
                "iops": 100,
                "kms_key_id": "",
                "tags": {},
                "tags_all": {},
                "throughput": 0,
                "volume_id": "vol-0ace8c873f9201bc6",
                "volume_size": 8,
                "volume_type": "gp2"
              }
            ],
            "secondary_network_interface": [],
            "secondary_private_ips": [],
            "security_groups": [],
            "source_dest_check": true,
            "spot_instance_request_id": "",
            "subnet_id": "subnet-071f273865ae823e2",
            "tags": {
              "Name": "private-subnet-2-ec2-1",
              "Subnet": "private-subnet-2",
              "Tier": "private"
            },
            "tags_all": {
              "Name": "private-subnet-2-ec2-1",
              "Subnet": "private-subnet-2",
              "Tier": "private"
            },
            "tenancy": "default",
            "timeouts": null,
            "user_data": null,
            "user_data_base64": null,
            "user_data_replace_on_change": false,
            "volume_tags": null,
            "vpc_security_group_ids": [
              "sg-02a31519f451faa51"
            ]
          },
          "sensitive_attributes": [],
          "identity_schema_version": 0,
          "identity": {
            "account_id": "041626773691",
            "id": "i-0c71d555e515e801b",
            "region": "eu-central-1"
          },
          "private": "eyJlMmJmYjczMC1lY2FhLTExZTYtOGY4OC0zNDM2M2JjN2M0YzAiOnsiY3JlYXRlIjo2MDAwMDAwMDAwMDAsImRlbGV0ZSI6MTIwMDAwMDAwMDAwMCwicmVhZCI6OTAwMDAwMDAwMDAwLCJ1cGRhdGUiOjYwMDAwMDAwMDAwMH0sInNjaGVtYV92ZXJzaW9uIjoiMiJ9",
          "dependencies": [
            "aws_security_group.private_ec2",
            "aws_subnet.private",
            "aws_vpc.main",
            "data.aws_ami.ubuntu_jammy",
            "data.aws_availability_zones.available"
          ]
        },
        {
          "index_key": 3,
          "schema_version": 2,
          "attributes": {
            "ami": "ami-0c905937c14bd22b0",
            "arn": "arn:aws:ec2:eu-central-1:041626773691:instance/i-0a4a7cc7cd8e1ceb5",
            "associate_public_ip_address": false,
            "availability_zone": "eu-central-1b",
            "capacity_reservation_specification": [
              {
                "capacity_reservation_preference": "open",
                "capacity_reservation_target": []
              }
            ],
            "cpu_options": [
              {
                "amd_sev_snp": "",
                "core_count": 1,
                "nested_virtualization": "",
                "threads_per_core": 2
              }
            ],
            "credit_specification": [
              {
                "cpu_credits": "unlimited"
              }
            ],
            "disable_api_stop": false,
            "disable_api_termination": false,
            "ebs_block_device": [],
            "ebs_optimized": false,
            "enable_primary_ipv6": null,
            "enclave_options": [
              {
                "enabled": false
              }
            ],
            "ephemeral_block_device": [],
            "force_destroy": false,
            "get_password_data": false,
            "hibernation": false,
            "host_id": "",
            "host_resource_group_arn": null,
            "iam_instance_profile": "",
            "id": "i-0a4a7cc7cd8e1ceb5",
            "instance_initiated_shutdown_behavior": "stop",
            "instance_lifecycle": "",
            "instance_market_options": [],
            "instance_state": "running",
            "instance_type": "t3.micro",
            "ipv6_address_count": 0,
            "ipv6_addresses": [],
            "key_name": "",
            "launch_template": [],
            "maintenance_options": [
              {
                "auto_recovery": "default"
              }
            ],
            "metadata_options": [
              {
                "http_endpoint": "enabled",
                "http_protocol_ipv6": "disabled",
                "http_put_response_hop_limit": 1,
                "http_tokens": "optional",
                "instance_metadata_tags": "disabled"
              }
            ],
            "monitoring": false,
            "network_interface": [],
            "outpost_arn": "",
            "password_data": "",
            "placement_group": "",
            "placement_group_id": "",
            "placement_partition_number": 0,
            "primary_network_interface": [
              {
                "delete_on_termination": true,
                "network_interface_id": "eni-0ba3b7227accd9471"
              }
            ],
            "primary_network_interface_id": "eni-0ba3b7227accd9471",
            "private_dns": "ip-10-0-20-91.eu-central-1.compute.internal",
            "private_dns_name_options": [
              {
                "enable_resource_name_dns_a_record": false,
                "enable_resource_name_dns_aaaa_record": false,
                "hostname_type": "ip-name"
              }
            ],
            "private_ip": "10.0.20.91",
            "public_dns": "",
            "public_ip": "",
            "region": "eu-central-1",
            "root_block_device": [
              {
                "delete_on_termination": true,
                "device_name": "/dev/sda1",
                "encrypted": false,
                "iops": 100,
                "kms_key_id": "",
                "tags": {},
                "tags_all": {},
                "throughput": 0,
                "volume_id": "vol-0a04ee6e40e627923",
                "volume_size": 8,
                "volume_type": "gp2"
              }
            ],
            "secondary_network_interface": [],
            "secondary_private_ips": [],
            "security_groups": [],
            "source_dest_check": true,
            "spot_instance_request_id": "",
            "subnet_id": "subnet-071f273865ae823e2",
            "tags": {
              "Name": "private-subnet-2-ec2-2",
              "Subnet": "private-subnet-2",
              "Tier": "private"
            },
            "tags_all": {
              "Name": "private-subnet-2-ec2-2",
              "Subnet": "private-subnet-2",
              "Tier": "private"
            },
            "tenancy": "default",
            "timeouts": null,
            "user_data": null,
            "user_data_base64": null,
            "user_data_replace_on_change": false,
            "volume_tags": null,
            "vpc_security_group_ids": [
              "sg-02a31519f451faa51"
            ]
          },
          "sensitive_attributes": [],
          "identity_schema_version": 0,
          "identity": {
            "account_id": "041626773691",
            "id": "i-0a4a7cc7cd8e1ceb5",
            "region": "eu-central-1"
          },
          "private": "eyJlMmJmYjczMC1lY2FhLTExZTYtOGY4OC0zNDM2M2JjN2M0YzAiOnsiY3JlYXRlIjo2MDAwMDAwMDAwMDAsImRlbGV0ZSI6MTIwMDAwMDAwMDAwMCwicmVhZCI6OTAwMDAwMDAwMDAwLCJ1cGRhdGUiOjYwMDAwMDAwMDAwMH0sInNjaGVtYV92ZXJzaW9uIjoiMiJ9",
          "dependencies": [
            "aws_security_group.private_ec2",
            "aws_subnet.private",
            "aws_vpc.main",
            "data.aws_ami.ubuntu_jammy",
            "data.aws_availability_zones.available"
          ]
        }
      ]
    },
    {
      "mode": "managed",
      "type": "aws_instance",
      "name": "public",
      "provider": "provider[\"registry.terraform.io/hashicorp/aws\"]",
      "instances": [
        {
          "index_key": 0,
          "schema_version": 2,
          "attributes": {
            "ami": "ami-0c905937c14bd22b0",
            "arn": "arn:aws:ec2:eu-central-1:041626773691:instance/i-0a677ce31d181e028",
            "associate_public_ip_address": true,
            "availability_zone": "eu-central-1a",
            "capacity_reservation_specification": [
              {
                "capacity_reservation_preference": "open",
                "capacity_reservation_target": []
              }
            ],
            "cpu_options": [
              {
                "amd_sev_snp": "",
                "core_count": 1,
                "nested_virtualization": "",
                "threads_per_core": 2
              }
            ],
            "credit_specification": [
              {
                "cpu_credits": "unlimited"
              }
            ],
            "disable_api_stop": false,
            "disable_api_termination": false,
            "ebs_block_device": [],
            "ebs_optimized": false,
            "enable_primary_ipv6": null,
            "enclave_options": [
              {
                "enabled": false
              }
            ],
            "ephemeral_block_device": [],
            "force_destroy": false,
            "get_password_data": false,
            "hibernation": false,
            "host_id": "",
            "host_resource_group_arn": null,
            "iam_instance_profile": "",
            "id": "i-0a677ce31d181e028",
            "instance_initiated_shutdown_behavior": "stop",
            "instance_lifecycle": "",
            "instance_market_options": [],
            "instance_state": "running",
            "instance_type": "t3.micro",
            "ipv6_address_count": 0,
            "ipv6_addresses": [],
            "key_name": "",
            "launch_template": [],
            "maintenance_options": [
              {
                "auto_recovery": "default"
              }
            ],
            "metadata_options": [
              {
                "http_endpoint": "enabled",
                "http_protocol_ipv6": "disabled",
                "http_put_response_hop_limit": 1,
                "http_tokens": "optional",
                "instance_metadata_tags": "disabled"
              }
            ],
            "monitoring": false,
            "network_interface": [],
            "outpost_arn": "",
            "password_data": "",
            "placement_group": "",
            "placement_group_id": "",
            "placement_partition_number": 0,
            "primary_network_interface": [
              {
                "delete_on_termination": true,
                "network_interface_id": "eni-070a27ca3755ba9a9"
              }
            ],
            "primary_network_interface_id": "eni-070a27ca3755ba9a9",
            "private_dns": "ip-10-0-1-176.eu-central-1.compute.internal",
            "private_dns_name_options": [
              {
                "enable_resource_name_dns_a_record": false,
                "enable_resource_name_dns_aaaa_record": false,
                "hostname_type": "ip-name"
              }
            ],
            "private_ip": "10.0.1.176",
            "public_dns": "ec2-54-93-188-35.eu-central-1.compute.amazonaws.com",
            "public_ip": "54.93.188.35",
            "region": "eu-central-1",
            "root_block_device": [
              {
                "delete_on_termination": true,
                "device_name": "/dev/sda1",
                "encrypted": false,
                "iops": 100,
                "kms_key_id": "",
                "tags": {},
                "tags_all": {},
                "throughput": 0,
                "volume_id": "vol-07d82166d326eb2e1",
                "volume_size": 8,
                "volume_type": "gp2"
              }
            ],
            "secondary_network_interface": [],
            "secondary_private_ips": [],
            "security_groups": [],
            "source_dest_check": true,
            "spot_instance_request_id": "",
            "subnet_id": "subnet-0cfae1a5be7d10ff2",
            "tags": {
              "Name": "public-subnet-1-ec2-1",
              "Subnet": "public-subnet-1",
              "Tier": "public"
            },
            "tags_all": {
              "Name": "public-subnet-1-ec2-1",
              "Subnet": "public-subnet-1",
              "Tier": "public"
            },
            "tenancy": "default",
            "timeouts": null,
            "user_data": null,
            "user_data_base64": null,
            "user_data_replace_on_change": false,
            "volume_tags": null,
            "vpc_security_group_ids": [
              "sg-0b41ea57f9162e8a9"
            ]
          },
          "sensitive_attributes": [],
          "identity_schema_version": 0,
          "identity": {
            "account_id": "041626773691",
            "id": "i-0a677ce31d181e028",
            "region": "eu-central-1"
          },
          "private": "eyJlMmJmYjczMC1lY2FhLTExZTYtOGY4OC0zNDM2M2JjN2M0YzAiOnsiY3JlYXRlIjo2MDAwMDAwMDAwMDAsImRlbGV0ZSI6MTIwMDAwMDAwMDAwMCwicmVhZCI6OTAwMDAwMDAwMDAwLCJ1cGRhdGUiOjYwMDAwMDAwMDAwMH0sInNjaGVtYV92ZXJzaW9uIjoiMiJ9",
          "dependencies": [
            "aws_security_group.public_ec2",
            "aws_subnet.public",
            "aws_vpc.main",
            "data.aws_ami.ubuntu_jammy",
            "data.aws_availability_zones.available"
          ]
        },
        {
          "index_key": 1,
          "schema_version": 2,
          "attributes": {
            "ami": "ami-0c905937c14bd22b0",
            "arn": "arn:aws:ec2:eu-central-1:041626773691:instance/i-01ffa2d24c9da774f",
            "associate_public_ip_address": true,
            "availability_zone": "eu-central-1a",
            "capacity_reservation_specification": [
              {
                "capacity_reservation_preference": "open",
                "capacity_reservation_target": []
              }
            ],
            "cpu_options": [
              {
                "amd_sev_snp": "",
                "core_count": 1,
                "nested_virtualization": "",
                "threads_per_core": 2
              }
            ],
            "credit_specification": [
              {
                "cpu_credits": "unlimited"
              }
            ],
            "disable_api_stop": false,
            "disable_api_termination": false,
            "ebs_block_device": [],
            "ebs_optimized": false,
            "enable_primary_ipv6": null,
            "enclave_options": [
              {
                "enabled": false
              }
            ],
            "ephemeral_block_device": [],
            "force_destroy": false,
            "get_password_data": false,
            "hibernation": false,
            "host_id": "",
            "host_resource_group_arn": null,
            "iam_instance_profile": "",
            "id": "i-01ffa2d24c9da774f",
            "instance_initiated_shutdown_behavior": "stop",
            "instance_lifecycle": "",
            "instance_market_options": [],
            "instance_state": "running",
            "instance_type": "t3.micro",
            "ipv6_address_count": 0,
            "ipv6_addresses": [],
            "key_name": "",
            "launch_template": [],
            "maintenance_options": [
              {
                "auto_recovery": "default"
              }
            ],
            "metadata_options": [
              {
                "http_endpoint": "enabled",
                "http_protocol_ipv6": "disabled",
                "http_put_response_hop_limit": 1,
                "http_tokens": "optional",
                "instance_metadata_tags": "disabled"
              }
            ],
            "monitoring": false,
            "network_interface": [],
            "outpost_arn": "",
            "password_data": "",
            "placement_group": "",
            "placement_group_id": "",
            "placement_partition_number": 0,
            "primary_network_interface": [
              {
                "delete_on_termination": true,
                "network_interface_id": "eni-09d7f7137fd31a720"
              }
            ],
            "primary_network_interface_id": "eni-09d7f7137fd31a720",
            "private_dns": "ip-10-0-1-124.eu-central-1.compute.internal",
            "private_dns_name_options": [
              {
                "enable_resource_name_dns_a_record": false,
                "enable_resource_name_dns_aaaa_record": false,
                "hostname_type": "ip-name"
              }
            ],
            "private_ip": "10.0.1.124",
            "public_dns": "ec2-18-194-28-125.eu-central-1.compute.amazonaws.com",
            "public_ip": "18.194.28.125",
            "region": "eu-central-1",
            "root_block_device": [
              {
                "delete_on_termination": true,
                "device_name": "/dev/sda1",
                "encrypted": false,
                "iops": 100,
                "kms_key_id": "",
                "tags": {},
                "tags_all": {},
                "throughput": 0,
                "volume_id": "vol-088586d4ca903abbf",
                "volume_size": 8,
                "volume_type": "gp2"
              }
            ],
            "secondary_network_interface": [],
            "secondary_private_ips": [],
            "security_groups": [],
            "source_dest_check": true,
            "spot_instance_request_id": "",
            "subnet_id": "subnet-0cfae1a5be7d10ff2",
            "tags": {
              "Name": "public-subnet-1-ec2-2",
              "Subnet": "public-subnet-1",
              "Tier": "public"
            },
            "tags_all": {
              "Name": "public-subnet-1-ec2-2",
              "Subnet": "public-subnet-1",
              "Tier": "public"
            },
            "tenancy": "default",
            "timeouts": null,
            "user_data": null,
            "user_data_base64": null,
            "user_data_replace_on_change": false,
            "volume_tags": null,
            "vpc_security_group_ids": [
              "sg-0b41ea57f9162e8a9"
            ]
          },
          "sensitive_attributes": [],
          "identity_schema_version": 0,
          "identity": {
            "account_id": "041626773691",
            "id": "i-01ffa2d24c9da774f",
            "region": "eu-central-1"
          },
          "private": "eyJlMmJmYjczMC1lY2FhLTExZTYtOGY4OC0zNDM2M2JjN2M0YzAiOnsiY3JlYXRlIjo2MDAwMDAwMDAwMDAsImRlbGV0ZSI6MTIwMDAwMDAwMDAwMCwicmVhZCI6OTAwMDAwMDAwMDAwLCJ1cGRhdGUiOjYwMDAwMDAwMDAwMH0sInNjaGVtYV92ZXJzaW9uIjoiMiJ9",
          "dependencies": [
            "aws_security_group.public_ec2",
            "aws_subnet.public",
            "aws_vpc.main",
            "data.aws_ami.ubuntu_jammy",
            "data.aws_availability_zones.available"
          ]
        },
        {
          "index_key": 2,
          "schema_version": 2,
          "attributes": {
            "ami": "ami-0c905937c14bd22b0",
            "arn": "arn:aws:ec2:eu-central-1:041626773691:instance/i-0c50249b5b47b772b",
            "associate_public_ip_address": true,
            "availability_zone": "eu-central-1b",
            "capacity_reservation_specification": [
              {
                "capacity_reservation_preference": "open",
                "capacity_reservation_target": []
              }
            ],
            "cpu_options": [
              {
                "amd_sev_snp": "",
                "core_count": 1,
                "nested_virtualization": "",
                "threads_per_core": 2
              }
            ],
            "credit_specification": [
              {
                "cpu_credits": "unlimited"
              }
            ],
            "disable_api_stop": false,
            "disable_api_termination": false,
            "ebs_block_device": [],
            "ebs_optimized": false,
            "enable_primary_ipv6": null,
            "enclave_options": [
              {
                "enabled": false
              }
            ],
            "ephemeral_block_device": [],
            "force_destroy": false,
            "get_password_data": false,
            "hibernation": false,
            "host_id": "",
            "host_resource_group_arn": null,
            "iam_instance_profile": "",
            "id": "i-0c50249b5b47b772b",
            "instance_initiated_shutdown_behavior": "stop",
            "instance_lifecycle": "",
            "instance_market_options": [],
            "instance_state": "running",
            "instance_type": "t3.micro",
            "ipv6_address_count": 0,
            "ipv6_addresses": [],
            "key_name": "",
            "launch_template": [],
            "maintenance_options": [
              {
                "auto_recovery": "default"
              }
            ],
            "metadata_options": [
              {
                "http_endpoint": "enabled",
                "http_protocol_ipv6": "disabled",
                "http_put_response_hop_limit": 1,
                "http_tokens": "optional",
                "instance_metadata_tags": "disabled"
              }
            ],
            "monitoring": false,
            "network_interface": [],
            "outpost_arn": "",
            "password_data": "",
            "placement_group": "",
            "placement_group_id": "",
            "placement_partition_number": 0,
            "primary_network_interface": [
              {
                "delete_on_termination": true,
                "network_interface_id": "eni-00034c8efc2807f66"
              }
            ],
            "primary_network_interface_id": "eni-00034c8efc2807f66",
            "private_dns": "ip-10-0-2-187.eu-central-1.compute.internal",
            "private_dns_name_options": [
              {
                "enable_resource_name_dns_a_record": false,
                "enable_resource_name_dns_aaaa_record": false,
                "hostname_type": "ip-name"
              }
            ],
            "private_ip": "10.0.2.187",
            "public_dns": "ec2-35-157-113-229.eu-central-1.compute.amazonaws.com",
            "public_ip": "35.157.113.229",
            "region": "eu-central-1",
            "root_block_device": [
              {
                "delete_on_termination": true,
                "device_name": "/dev/sda1",
                "encrypted": false,
                "iops": 100,
                "kms_key_id": "",
                "tags": {},
                "tags_all": {},
                "throughput": 0,
                "volume_id": "vol-0d5682f104731982f",
                "volume_size": 8,
                "volume_type": "gp2"
              }
            ],
            "secondary_network_interface": [],
            "secondary_private_ips": [],
            "security_groups": [],
            "source_dest_check": true,
            "spot_instance_request_id": "",
            "subnet_id": "subnet-0a5d1c901c34f351d",
            "tags": {
              "Name": "public-subnet-2-ec2-1",
              "Subnet": "public-subnet-2",
              "Tier": "public"
            },
            "tags_all": {
              "Name": "public-subnet-2-ec2-1",
              "Subnet": "public-subnet-2",
              "Tier": "public"
            },
            "tenancy": "default",
            "timeouts": null,
            "user_data": null,
            "user_data_base64": null,
            "user_data_replace_on_change": false,
            "volume_tags": null,
            "vpc_security_group_ids": [
              "sg-0b41ea57f9162e8a9"
            ]
          },
          "sensitive_attributes": [],
          "identity_schema_version": 0,
          "identity": {
            "account_id": "041626773691",
            "id": "i-0c50249b5b47b772b",
            "region": "eu-central-1"
          },
          "private": "eyJlMmJmYjczMC1lY2FhLTExZTYtOGY4OC0zNDM2M2JjN2M0YzAiOnsiY3JlYXRlIjo2MDAwMDAwMDAwMDAsImRlbGV0ZSI6MTIwMDAwMDAwMDAwMCwicmVhZCI6OTAwMDAwMDAwMDAwLCJ1cGRhdGUiOjYwMDAwMDAwMDAwMH0sInNjaGVtYV92ZXJzaW9uIjoiMiJ9",
          "dependencies": [
            "aws_security_group.public_ec2",
            "aws_subnet.public",
            "aws_vpc.main",
            "data.aws_ami.ubuntu_jammy",
            "data.aws_availability_zones.available"
          ]
        },
        {
          "index_key": 3,
          "schema_version": 2,
          "attributes": {
            "ami": "ami-0c905937c14bd22b0",
            "arn": "arn:aws:ec2:eu-central-1:041626773691:instance/i-08c8e506d690ea823",
            "associate_public_ip_address": true,
            "availability_zone": "eu-central-1b",
            "capacity_reservation_specification": [
              {
                "capacity_reservation_preference": "open",
                "capacity_reservation_target": []
              }
            ],
            "cpu_options": [
              {
                "amd_sev_snp": "",
                "core_count": 1,
                "nested_virtualization": "",
                "threads_per_core": 2
              }
            ],
            "credit_specification": [
              {
                "cpu_credits": "unlimited"
              }
            ],
            "disable_api_stop": false,
            "disable_api_termination": false,
            "ebs_block_device": [],
            "ebs_optimized": false,
            "enable_primary_ipv6": null,
            "enclave_options": [
              {
                "enabled": false
              }
            ],
            "ephemeral_block_device": [],
            "force_destroy": false,
            "get_password_data": false,
            "hibernation": false,
            "host_id": "",
            "host_resource_group_arn": null,
            "iam_instance_profile": "",
            "id": "i-08c8e506d690ea823",
            "instance_initiated_shutdown_behavior": "stop",
            "instance_lifecycle": "",
            "instance_market_options": [],
            "instance_state": "running",
            "instance_type": "t3.micro",
            "ipv6_address_count": 0,
            "ipv6_addresses": [],
            "key_name": "",
            "launch_template": [],
            "maintenance_options": [
              {
                "auto_recovery": "default"
              }
            ],
            "metadata_options": [
              {
                "http_endpoint": "enabled",
                "http_protocol_ipv6": "disabled",
                "http_put_response_hop_limit": 1,
                "http_tokens": "optional",
                "instance_metadata_tags": "disabled"
              }
            ],
            "monitoring": false,
            "network_interface": [],
            "outpost_arn": "",
            "password_data": "",
            "placement_group": "",
            "placement_group_id": "",
            "placement_partition_number": 0,
            "primary_network_interface": [
              {
                "delete_on_termination": true,
                "network_interface_id": "eni-0e54d5c870da497e5"
              }
            ],
            "primary_network_interface_id": "eni-0e54d5c870da497e5",
            "private_dns": "ip-10-0-2-174.eu-central-1.compute.internal",
            "private_dns_name_options": [
              {
                "enable_resource_name_dns_a_record": false,
                "enable_resource_name_dns_aaaa_record": false,
                "hostname_type": "ip-name"
              }
            ],
            "private_ip": "10.0.2.174",
            "public_dns": "ec2-63-176-174-137.eu-central-1.compute.amazonaws.com",
            "public_ip": "63.176.174.137",
            "region": "eu-central-1",
            "root_block_device": [
              {
                "delete_on_termination": true,
                "device_name": "/dev/sda1",
                "encrypted": false,
                "iops": 100,
                "kms_key_id": "",
                "tags": {},
                "tags_all": {},
                "throughput": 0,
                "volume_id": "vol-0d82a9ebaa145a7f0",
                "volume_size": 8,
                "volume_type": "gp2"
              }
            ],
            "secondary_network_interface": [],
            "secondary_private_ips": [],
            "security_groups": [],
            "source_dest_check": true,
            "spot_instance_request_id": "",
            "subnet_id": "subnet-0a5d1c901c34f351d",
            "tags": {
              "Name": "public-subnet-2-ec2-2",
              "Subnet": "public-subnet-2",
              "Tier": "public"
            },
            "tags_all": {
              "Name": "public-subnet-2-ec2-2",
              "Subnet": "public-subnet-2",
              "Tier": "public"
            },
            "tenancy": "default",
            "timeouts": null,
            "user_data": null,
            "user_data_base64": null,
            "user_data_replace_on_change": false,
            "volume_tags": null,
            "vpc_security_group_ids": [
              "sg-0b41ea57f9162e8a9"
            ]
          },
          "sensitive_attributes": [],
          "identity_schema_version": 0,
          "identity": {
            "account_id": "041626773691",
            "id": "i-08c8e506d690ea823",
            "region": "eu-central-1"
          },
          "private": "eyJlMmJmYjczMC1lY2FhLTExZTYtOGY4OC0zNDM2M2JjN2M0YzAiOnsiY3JlYXRlIjo2MDAwMDAwMDAwMDAsImRlbGV0ZSI6MTIwMDAwMDAwMDAwMCwicmVhZCI6OTAwMDAwMDAwMDAwLCJ1cGRhdGUiOjYwMDAwMDAwMDAwMH0sInNjaGVtYV92ZXJzaW9uIjoiMiJ9",
          "dependencies": [
            "aws_security_group.public_ec2",
            "aws_subnet.public",
            "aws_vpc.main",
            "data.aws_ami.ubuntu_jammy",
            "data.aws_availability_zones.available"
          ]
        }
      ]
    },
    {
      "mode": "managed",
      "type": "aws_internet_gateway",
      "name": "main",
      "provider": "provider[\"registry.terraform.io/hashicorp/aws\"]",
      "instances": [
        {
          "schema_version": 0,
          "attributes": {
            "arn": "arn:aws:ec2:eu-central-1:041626773691:internet-gateway/igw-0f6b9c6a2a7b8f9f9",
            "id": "igw-0f6b9c6a2a7b8f9f9",
            "owner_id": "041626773691",
            "region": "eu-central-1",
            "tags": {
              "Name": "igw"
            },
            "tags_all": {
              "Name": "igw"
            },
            "timeouts": null,
            "vpc_id": "vpc-0be7bfefe153d511c"
          },
          "sensitive_attributes": [],
          "identity_schema_version": 0,
          "identity": {
            "account_id": "041626773691",
            "id": "igw-0f6b9c6a2a7b8f9f9",
            "region": "eu-central-1"
          },
          "private": "eyJlMmJmYjczMC1lY2FhLTExZTYtOGY4OC0zNDM2M2JjN2M0YzAiOnsiY3JlYXRlIjoxMjAwMDAwMDAwMDAwLCJkZWxldGUiOjEyMDAwMDAwMDAwMDAsInVwZGF0ZSI6MTIwMDAwMDAwMDAwMH19",
          "dependencies": [
            "aws_vpc.main"
          ]
        }
      ]
    },
    {
      "mode": "managed",
      "type": "aws_route_table",
      "name": "private",
      "provider": "provider[\"registry.terraform.io/hashicorp/aws\"]",
      "instances": [
        {
          "schema_version": 0,
          "attributes": {
            "arn": "arn:aws:ec2:eu-central-1:041626773691:route-table/rtb-0cade4b1a060e0395",
            "id": "rtb-0cade4b1a060e0395",
            "owner_id": "041626773691",
            "propagating_vgws": [],
            "region": "eu-central-1",
            "route": [],
            "tags": {
              "Name": "private-rt"
            },
            "tags_all": {
              "Name": "private-rt"
            },
            "timeouts": null,
            "vpc_id": "vpc-0be7bfefe153d511c"
          },
          "sensitive_attributes": [],
          "identity_schema_version": 0,
          "identity": {
            "account_id": "041626773691",
            "id": "rtb-0cade4b1a060e0395",
            "region": "eu-central-1"
          },
          "private": "eyJlMmJmYjczMC1lY2FhLTExZTYtOGY4OC0zNDM2M2JjN2M0YzAiOnsiY3JlYXRlIjozMDAwMDAwMDAwMDAsImRlbGV0ZSI6MzAwMDAwMDAwMDAwLCJ1cGRhdGUiOjEyMDAwMDAwMDAwMH19",
          "dependencies": [
            "aws_vpc.main"
          ]
        }
      ]
    },
    {
      "mode": "managed",
      "type": "aws_route_table",
      "name": "public",
      "provider": "provider[\"registry.terraform.io/hashicorp/aws\"]",
      "instances": [
        {
          "schema_version": 0,
          "attributes": {
            "arn": "arn:aws:ec2:eu-central-1:041626773691:route-table/rtb-0bda11145612ff73d",
            "id": "rtb-0bda11145612ff73d",
            "owner_id": "041626773691",
            "propagating_vgws": [],
            "region": "eu-central-1",
            "route": [
              {
                "carrier_gateway_id": "",
                "cidr_block": "0.0.0.0/0",
                "core_network_arn": "",
                "destination_prefix_list_id": "",
                "egress_only_gateway_id": "",
                "gateway_id": "igw-0f6b9c6a2a7b8f9f9",
                "ipv6_cidr_block": "",
                "local_gateway_id": "",
                "nat_gateway_id": "",
                "network_interface_id": "",
                "transit_gateway_id": "",
                "vpc_endpoint_id": "",
                "vpc_peering_connection_id": ""
              }
            ],
            "tags": {
              "Name": "public-rt"
            },
            "tags_all": {
              "Name": "public-rt"
            },
            "timeouts": null,
            "vpc_id": "vpc-0be7bfefe153d511c"
          },
          "sensitive_attributes": [],
          "identity_schema_version": 0,
          "identity": {
            "account_id": "041626773691",
            "id": "rtb-0bda11145612ff73d",
            "region": "eu-central-1"
          },
          "private": "eyJlMmJmYjczMC1lY2FhLTExZTYtOGY4OC0zNDM2M2JjN2M0YzAiOnsiY3JlYXRlIjozMDAwMDAwMDAwMDAsImRlbGV0ZSI6MzAwMDAwMDAwMDAwLCJ1cGRhdGUiOjEyMDAwMDAwMDAwMH19",
          "dependencies": [
            "aws_internet_gateway.main",
            "aws_vpc.main"
          ]
        }
      ]
    },
    {
      "mode": "managed",
      "type": "aws_route_table_association",
      "name": "private",
      "provider": "provider[\"registry.terraform.io/hashicorp/aws\"]",
      "instances": [
        {
          "index_key": 0,
          "schema_version": 0,
          "attributes": {
            "gateway_id": "",
            "id": "rtbassoc-014ebea29adcc5ea2",
            "region": "eu-central-1",
            "route_table_id": "rtb-0cade4b1a060e0395",
            "subnet_id": "subnet-03c5121792e4cc935",
            "timeouts": null
          },
          "sensitive_attributes": [],
          "identity_schema_version": 0,
          "identity": {
            "account_id": "041626773691",
            "id": "rtbassoc-014ebea29adcc5ea2",
            "region": "eu-central-1"
          },
          "private": "eyJlMmJmYjczMC1lY2FhLTExZTYtOGY4OC0zNDM2M2JjN2M0YzAiOnsiY3JlYXRlIjozMDAwMDAwMDAwMDAsImRlbGV0ZSI6MzAwMDAwMDAwMDAwLCJ1cGRhdGUiOjEyMDAwMDAwMDAwMH19",
          "dependencies": [
            "aws_route_table.private",
            "aws_subnet.private",
            "aws_vpc.main",
            "data.aws_availability_zones.available"
          ]
        },
        {
          "index_key": 1,
          "schema_version": 0,
          "attributes": {
            "gateway_id": "",
            "id": "rtbassoc-0bb80ba191406b3c1",
            "region": "eu-central-1",
            "route_table_id": "rtb-0cade4b1a060e0395",
            "subnet_id": "subnet-071f273865ae823e2",
            "timeouts": null
          },
          "sensitive_attributes": [],
          "identity_schema_version": 0,
          "identity": {
            "account_id": "041626773691",
            "id": "rtbassoc-0bb80ba191406b3c1",
            "region": "eu-central-1"
          },
          "private": "eyJlMmJmYjczMC1lY2FhLTExZTYtOGY4OC0zNDM2M2JjN2M0YzAiOnsiY3JlYXRlIjozMDAwMDAwMDAwMDAsImRlbGV0ZSI6MzAwMDAwMDAwMDAwLCJ1cGRhdGUiOjEyMDAwMDAwMDAwMH19",
          "dependencies": [
            "aws_route_table.private",
            "aws_subnet.private",
            "aws_vpc.main",
            "data.aws_availability_zones.available"
          ]
        }
      ]
    },
    {
      "mode": "managed",
      "type": "aws_route_table_association",
      "name": "public",
      "provider": "provider[\"registry.terraform.io/hashicorp/aws\"]",
      "instances": [
        {
          "index_key": 0,
          "schema_version": 0,
          "attributes": {
            "gateway_id": "",
            "id": "rtbassoc-03b0e8da961da6233",
            "region": "eu-central-1",
            "route_table_id": "rtb-0bda11145612ff73d",
            "subnet_id": "subnet-0cfae1a5be7d10ff2",
            "timeouts": null
          },
          "sensitive_attributes": [],
          "identity_schema_version": 0,
          "identity": {
            "account_id": "041626773691",
            "id": "rtbassoc-03b0e8da961da6233",
            "region": "eu-central-1"
          },
          "private": "eyJlMmJmYjczMC1lY2FhLTExZTYtOGY4OC0zNDM2M2JjN2M0YzAiOnsiY3JlYXRlIjozMDAwMDAwMDAwMDAsImRlbGV0ZSI6MzAwMDAwMDAwMDAwLCJ1cGRhdGUiOjEyMDAwMDAwMDAwMH19",
          "dependencies": [
            "aws_internet_gateway.main",
            "aws_route_table.public",
            "aws_subnet.public",
            "aws_vpc.main",
            "data.aws_availability_zones.available"
          ]
        },
        {
          "index_key": 1,
          "schema_version": 0,
          "attributes": {
            "gateway_id": "",
            "id": "rtbassoc-074f3da9833155255",
            "region": "eu-central-1",
            "route_table_id": "rtb-0bda11145612ff73d",
            "subnet_id": "subnet-0a5d1c901c34f351d",
            "timeouts": null
          },
          "sensitive_attributes": [],
          "identity_schema_version": 0,
          "identity": {
            "account_id": "041626773691",
            "id": "rtbassoc-074f3da9833155255",
            "region": "eu-central-1"
          },
          "private": "eyJlMmJmYjczMC1lY2FhLTExZTYtOGY4OC0zNDM2M2JjN2M0YzAiOnsiY3JlYXRlIjozMDAwMDAwMDAwMDAsImRlbGV0ZSI6MzAwMDAwMDAwMDAwLCJ1cGRhdGUiOjEyMDAwMDAwMDAwMH19",
          "dependencies": [
            "aws_internet_gateway.main",
            "aws_route_table.public",
            "aws_subnet.public",
            "aws_vpc.main",
            "data.aws_availability_zones.available"
          ]
        }
      ]
    },
    {
      "mode": "managed",
      "type": "aws_s3_bucket",
      "name": "fleet_data",
      "provider": "provider[\"registry.terraform.io/hashicorp/aws\"]",
      "instances": [
        {
          "schema_version": 0,
          "attributes": {
            "acceleration_status": "",
            "acl": null,
            "arn": "arn:aws:s3:::fleet-data-041626773691-20260531173909543900000001",
            "bucket": "fleet-data-041626773691-20260531173909543900000001",
            "bucket_domain_name": "fleet-data-041626773691-20260531173909543900000001.s3.amazonaws.com",
            "bucket_namespace": "global",
            "bucket_prefix": "fleet-data-041626773691-",
            "bucket_region": "eu-central-1",
            "bucket_regional_domain_name": "fleet-data-041626773691-20260531173909543900000001.s3.eu-central-1.amazonaws.com",
            "cors_rule": [],
            "force_destroy": false,
            "grant": [
              {
                "id": "530d5d5b34694b1b0d77f9361ed5e7ac7e7084799636e8ffd0349460b63acffb",
                "permissions": [
                  "FULL_CONTROL"
                ],
                "type": "CanonicalUser",
                "uri": ""
              }
            ],
            "hosted_zone_id": "Z21DNDUVLTQW6Q",
            "id": "fleet-data-041626773691-20260531173909543900000001",
            "lifecycle_rule": [],
            "logging": [],
            "object_lock_configuration": [],
            "object_lock_enabled": false,
            "policy": "",
            "region": "eu-central-1",
            "replication_configuration": [],
            "request_payer": "BucketOwner",
            "server_side_encryption_configuration": [
              {
                "rule": [
                  {
                    "apply_server_side_encryption_by_default": [
                      {
                        "kms_master_key_id": "",
                        "sse_algorithm": "AES256"
                      }
                    ],
                    "bucket_key_enabled": false
                  }
                ]
              }
            ],
            "tags": {
              "Name": "fleet-data"
            },
            "tags_all": {
              "Name": "fleet-data"
            },
            "timeouts": null,
            "versioning": [
              {
                "enabled": false,
                "mfa_delete": false
              }
            ],
            "website": [],
            "website_domain": null,
            "website_endpoint": null
          },
          "sensitive_attributes": [],
          "identity_schema_version": 0,
          "identity": {
            "account_id": "041626773691",
            "bucket": "fleet-data-041626773691-20260531173909543900000001",
            "region": "eu-central-1"
          },
          "private": "eyJlMmJmYjczMC1lY2FhLTExZTYtOGY4OC0zNDM2M2JjN2M0YzAiOnsiY3JlYXRlIjoxMjAwMDAwMDAwMDAwLCJkZWxldGUiOjM2MDAwMDAwMDAwMDAsInJlYWQiOjEyMDAwMDAwMDAwMDAsInVwZGF0ZSI6MTIwMDAwMDAwMDAwMH19",
          "dependencies": [
            "data.aws_caller_identity.current"
          ]
        }
      ]
    },
    {
      "mode": "managed",
      "type": "aws_s3_bucket_public_access_block",
      "name": "project_data",
      "provider": "provider[\"registry.terraform.io/hashicorp/aws\"]",
      "instances": [
        {
          "schema_version": 0,
          "attributes": {
            "block_public_acls": true,
            "block_public_policy": true,
            "bucket": "fleet-data-041626773691-20260531173909543900000001",
            "id": "fleet-data-041626773691-20260531173909543900000001",
            "ignore_public_acls": true,
            "region": "eu-central-1",
            "restrict_public_buckets": true,
            "skip_destroy": null
          },
          "sensitive_attributes": [],
          "identity_schema_version": 0,
          "identity": {
            "account_id": "041626773691",
            "bucket": "fleet-data-041626773691-20260531173909543900000001",
            "region": "eu-central-1"
          },
          "private": "bnVsbA==",
          "dependencies": [
            "aws_s3_bucket.fleet_data",
            "data.aws_caller_identity.current"
          ]
        }
      ]
    },
    {
      "mode": "managed",
      "type": "aws_s3_bucket_server_side_encryption_configuration",
      "name": "fleet_data",
      "provider": "provider[\"registry.terraform.io/hashicorp/aws\"]",
      "instances": [
        {
          "schema_version": 0,
          "attributes": {
            "bucket": "fleet-data-041626773691-20260531173909543900000001",
            "expected_bucket_owner": "",
            "id": "fleet-data-041626773691-20260531173909543900000001",
            "region": "eu-central-1",
            "rule": [
              {
                "apply_server_side_encryption_by_default": [
                  {
                    "kms_master_key_id": "",
                    "sse_algorithm": "AES256"
                  }
                ],
                "blocked_encryption_types": [
                  "SSE-C"
                ],
                "bucket_key_enabled": false
              }
            ]
          },
          "sensitive_attributes": [],
          "identity_schema_version": 1,
          "identity": {
            "account_id": "041626773691",
            "bucket": "fleet-data-041626773691-20260531173909543900000001",
            "region": "eu-central-1"
          },
          "private": "bnVsbA==",
          "dependencies": [
            "aws_s3_bucket.fleet_data",
            "data.aws_caller_identity.current"
          ]
        }
      ]
    },
    {
      "mode": "managed",
      "type": "aws_s3_bucket_versioning",
      "name": "project_data",
      "provider": "provider[\"registry.terraform.io/hashicorp/aws\"]",
      "instances": [
        {
          "schema_version": 0,
          "attributes": {
            "bucket": "fleet-data-041626773691-20260531173909543900000001",
            "expected_bucket_owner": "",
            "id": "fleet-data-041626773691-20260531173909543900000001",
            "mfa": null,
            "region": "eu-central-1",
            "versioning_configuration": [
              {
                "mfa_delete": "",
                "status": "Enabled"
              }
            ]
          },
          "sensitive_attributes": [],
          "identity_schema_version": 1,
          "identity": {
            "account_id": "041626773691",
            "bucket": "fleet-data-041626773691-20260531173909543900000001",
            "region": "eu-central-1"
          },
          "private": "bnVsbA==",
          "dependencies": [
            "aws_s3_bucket.fleet_data",
            "data.aws_caller_identity.current"
          ]
        }
      ]
    },
    {
      "mode": "managed",
      "type": "aws_s3_object",
      "name": "glacier_sample_data",
      "provider": "provider[\"registry.terraform.io/hashicorp/aws\"]",
      "instances": [
        {
          "index_key": "latest_gps.json",
          "schema_version": 0,
          "attributes": {
            "acl": null,
            "arn": "arn:aws:s3:::fleet-data-041626773691-20260531173909543900000001/sample-data/glacier-archive/latest_gps.json",
            "bucket": "fleet-data-041626773691-20260531173909543900000001",
            "bucket_key_enabled": false,
            "cache_control": "",
            "checksum_algorithm": null,
            "checksum_crc32": "",
            "checksum_crc32c": "",
            "checksum_crc64nvme": "",
            "checksum_sha1": "",
            "checksum_sha256": "",
            "content": null,
            "content_base64": null,
            "content_disposition": "",
            "content_encoding": "",
            "content_language": "",
            "content_type": "application/json",
            "etag": "d427a62a98d615d90fcb02007740ee15",
            "force_destroy": false,
            "id": "fleet-data-041626773691-20260531173909543900000001/sample-data/glacier-archive/latest_gps.json",
            "key": "sample-data/glacier-archive/latest_gps.json",
            "kms_key_id": null,
            "metadata": null,
            "object_lock_legal_hold_status": "",
            "object_lock_mode": "",
            "object_lock_retain_until_date": "",
            "override_provider": [],
            "region": "eu-central-1",
            "server_side_encryption": "AES256",
            "source": "./../app/data/latest_gps.json",
            "source_hash": "d427a62a98d615d90fcb02007740ee15",
            "storage_class": "GLACIER",
            "tags": {
              "DataSet": "fleet-sample-data",
              "Name": "glacier-latest_gps.json",
              "StorageTier": "glacier"
            },
            "tags_all": {
              "DataSet": "fleet-sample-data",
              "Name": "glacier-latest_gps.json",
              "StorageTier": "glacier"
            },
            "version_id": "d7eJVYiIDb8UTW2d985iqHNivmU9vMof",
            "website_redirect": ""
          },
          "sensitive_attributes": [],
          "identity_schema_version": 0,
          "identity": {
            "account_id": "041626773691",
            "bucket": "fleet-data-041626773691-20260531173909543900000001",
            "key": "sample-data/glacier-archive/latest_gps.json",
            "region": "eu-central-1"
          },
          "private": "bnVsbA==",
          "dependencies": [
            "aws_s3_bucket.fleet_data",
            "data.aws_caller_identity.current"
          ]
        },
        {
          "index_key": "shipments.json",
          "schema_version": 0,
          "attributes": {
            "acl": null,
            "arn": "arn:aws:s3:::fleet-data-041626773691-20260531173909543900000001/sample-data/glacier-archive/shipments.json",
            "bucket": "fleet-data-041626773691-20260531173909543900000001",
            "bucket_key_enabled": false,
            "cache_control": "",
            "checksum_algorithm": null,
            "checksum_crc32": "",
            "checksum_crc32c": "",
            "checksum_crc64nvme": "",
            "checksum_sha1": "",
            "checksum_sha256": "",
            "content": null,
            "content_base64": null,
            "content_disposition": "",
            "content_encoding": "",
            "content_language": "",
            "content_type": "application/json",
            "etag": "419217e94963bbf974f0e741170af829",
            "force_destroy": false,
            "id": "fleet-data-041626773691-20260531173909543900000001/sample-data/glacier-archive/shipments.json",
            "key": "sample-data/glacier-archive/shipments.json",
            "kms_key_id": null,
            "metadata": null,
            "object_lock_legal_hold_status": "",
            "object_lock_mode": "",
            "object_lock_retain_until_date": "",
            "override_provider": [],
            "region": "eu-central-1",
            "server_side_encryption": "AES256",
            "source": "./../app/data/shipments.json",
            "source_hash": "419217e94963bbf974f0e741170af829",
            "storage_class": "GLACIER",
            "tags": {
              "DataSet": "fleet-sample-data",
              "Name": "glacier-shipments.json",
              "StorageTier": "glacier"
            },
            "tags_all": {
              "DataSet": "fleet-sample-data",
              "Name": "glacier-shipments.json",
              "StorageTier": "glacier"
            },
            "version_id": "us6TpckqOwx96ex236gRZ9J7oGg.VtAU",
            "website_redirect": ""
          },
          "sensitive_attributes": [],
          "identity_schema_version": 0,
          "identity": {
            "account_id": "041626773691",
            "bucket": "fleet-data-041626773691-20260531173909543900000001",
            "key": "sample-data/glacier-archive/shipments.json",
            "region": "eu-central-1"
          },
          "private": "bnVsbA==",
          "dependencies": [
            "aws_s3_bucket.fleet_data",
            "data.aws_caller_identity.current"
          ]
        },
        {
          "index_key": "vehicles.json",
          "schema_version": 0,
          "attributes": {
            "acl": null,
            "arn": "arn:aws:s3:::fleet-data-041626773691-20260531173909543900000001/sample-data/glacier-archive/vehicles.json",
            "bucket": "fleet-data-041626773691-20260531173909543900000001",
            "bucket_key_enabled": false,
            "cache_control": "",
            "checksum_algorithm": null,
            "checksum_crc32": "",
            "checksum_crc32c": "",
            "checksum_crc64nvme": "",
            "checksum_sha1": "",
            "checksum_sha256": "",
            "content": null,
            "content_base64": null,
            "content_disposition": "",
            "content_encoding": "",
            "content_language": "",
            "content_type": "application/json",
            "etag": "3b56d3cb1ba7abd4bc412dec1c8aae1f",
            "force_destroy": false,
            "id": "fleet-data-041626773691-20260531173909543900000001/sample-data/glacier-archive/vehicles.json",
            "key": "sample-data/glacier-archive/vehicles.json",
            "kms_key_id": null,
            "metadata": null,
            "object_lock_legal_hold_status": "",
            "object_lock_mode": "",
            "object_lock_retain_until_date": "",
            "override_provider": [],
            "region": "eu-central-1",
            "server_side_encryption": "AES256",
            "source": "./../app/data/vehicles.json",
            "source_hash": "3b56d3cb1ba7abd4bc412dec1c8aae1f",
            "storage_class": "GLACIER",
            "tags": {
              "DataSet": "fleet-sample-data",
              "Name": "glacier-vehicles.json",
              "StorageTier": "glacier"
            },
            "tags_all": {
              "DataSet": "fleet-sample-data",
              "Name": "glacier-vehicles.json",
              "StorageTier": "glacier"
            },
            "version_id": "lQ4qEByLcweCZiaHi8xuyLCb8QO5dH2P",
            "website_redirect": ""
          },
          "sensitive_attributes": [],
          "identity_schema_version": 0,
          "identity": {
            "account_id": "041626773691",
            "bucket": "fleet-data-041626773691-20260531173909543900000001",
            "key": "sample-data/glacier-archive/vehicles.json",
            "region": "eu-central-1"
          },
          "private": "bnVsbA==",
          "dependencies": [
            "aws_s3_bucket.fleet_data",
            "data.aws_caller_identity.current"
          ]
        },
        {
          "index_key": "warehouses.json",
          "schema_version": 0,
          "attributes": {
            "acl": null,
            "arn": "arn:aws:s3:::fleet-data-041626773691-20260531173909543900000001/sample-data/glacier-archive/warehouses.json",
            "bucket": "fleet-data-041626773691-20260531173909543900000001",
            "bucket_key_enabled": false,
            "cache_control": "",
            "checksum_algorithm": null,
            "checksum_crc32": "",
            "checksum_crc32c": "",
            "checksum_crc64nvme": "",
            "checksum_sha1": "",
            "checksum_sha256": "",
            "content": null,
            "content_base64": null,
            "content_disposition": "",
            "content_encoding": "",
            "content_language": "",
            "content_type": "application/json",
            "etag": "28a1c2e110905829d899cf71c104e75a",
            "force_destroy": false,
            "id": "fleet-data-041626773691-20260531173909543900000001/sample-data/glacier-archive/warehouses.json",
            "key": "sample-data/glacier-archive/warehouses.json",
            "kms_key_id": null,
            "metadata": null,
            "object_lock_legal_hold_status": "",
            "object_lock_mode": "",
            "object_lock_retain_until_date": "",
            "override_provider": [],
            "region": "eu-central-1",
            "server_side_encryption": "AES256",
            "source": "./../app/data/warehouses.json",
            "source_hash": "28a1c2e110905829d899cf71c104e75a",
            "storage_class": "GLACIER",
            "tags": {
              "DataSet": "fleet-sample-data",
              "Name": "glacier-warehouses.json",
              "StorageTier": "glacier"
            },
            "tags_all": {
              "DataSet": "fleet-sample-data",
              "Name": "glacier-warehouses.json",
              "StorageTier": "glacier"
            },
            "version_id": "PKGeo6t0pskc0ZrvXaPx364GeyfxwThj",
            "website_redirect": ""
          },
          "sensitive_attributes": [],
          "identity_schema_version": 0,
          "identity": {
            "account_id": "041626773691",
            "bucket": "fleet-data-041626773691-20260531173909543900000001",
            "key": "sample-data/glacier-archive/warehouses.json",
            "region": "eu-central-1"
          },
          "private": "bnVsbA==",
          "dependencies": [
            "aws_s3_bucket.fleet_data",
            "data.aws_caller_identity.current"
          ]
        }
      ]
    },
    {
      "mode": "managed",
      "type": "aws_s3_object",
      "name": "sample_data",
      "provider": "provider[\"registry.terraform.io/hashicorp/aws\"]",
      "instances": [
        {
          "index_key": "latest_gps.json",
          "schema_version": 0,
          "attributes": {
            "acl": null,
            "arn": "arn:aws:s3:::fleet-data-041626773691-20260531173909543900000001/sample-data/current/latest_gps.json",
            "bucket": "fleet-data-041626773691-20260531173909543900000001",
            "bucket_key_enabled": false,
            "cache_control": "",
            "checksum_algorithm": null,
            "checksum_crc32": "",
            "checksum_crc32c": "",
            "checksum_crc64nvme": "",
            "checksum_sha1": "",
            "checksum_sha256": "",
            "content": null,
            "content_base64": null,
            "content_disposition": "",
            "content_encoding": "",
            "content_language": "",
            "content_type": "application/json",
            "etag": "d427a62a98d615d90fcb02007740ee15",
            "force_destroy": false,
            "id": "fleet-data-041626773691-20260531173909543900000001/sample-data/current/latest_gps.json",
            "key": "sample-data/current/latest_gps.json",
            "kms_key_id": null,
            "metadata": null,
            "object_lock_legal_hold_status": "",
            "object_lock_mode": "",
            "object_lock_retain_until_date": "",
            "override_provider": [],
            "region": "eu-central-1",
            "server_side_encryption": "AES256",
            "source": "./../app/data/latest_gps.json",
            "source_hash": "d427a62a98d615d90fcb02007740ee15",
            "storage_class": "STANDARD",
            "tags": {
              "DataSet": "fleet-sample-data",
              "Name": "current-latest_gps.json",
              "StorageTier": "standard"
            },
            "tags_all": {
              "DataSet": "fleet-sample-data",
              "Name": "current-latest_gps.json",
              "StorageTier": "standard"
            },
            "version_id": "DOwBi7eWK6YUAw2g51JX4w4c3ATjx7KG",
            "website_redirect": ""
          },
          "sensitive_attributes": [],
          "identity_schema_version": 0,
          "identity": {
            "account_id": "041626773691",
            "bucket": "fleet-data-041626773691-20260531173909543900000001",
            "key": "sample-data/current/latest_gps.json",
            "region": "eu-central-1"
          },
          "private": "bnVsbA==",
          "dependencies": [
            "aws_s3_bucket.fleet_data",
            "data.aws_caller_identity.current"
          ]
        },
        {
          "index_key": "shipments.json",
          "schema_version": 0,
          "attributes": {
            "acl": null,
            "arn": "arn:aws:s3:::fleet-data-041626773691-20260531173909543900000001/sample-data/current/shipments.json",
            "bucket": "fleet-data-041626773691-20260531173909543900000001",
            "bucket_key_enabled": false,
            "cache_control": "",
            "checksum_algorithm": null,
            "checksum_crc32": "",
            "checksum_crc32c": "",
            "checksum_crc64nvme": "",
            "checksum_sha1": "",
            "checksum_sha256": "",
            "content": null,
            "content_base64": null,
            "content_disposition": "",
            "content_encoding": "",
            "content_language": "",
            "content_type": "application/json",
            "etag": "419217e94963bbf974f0e741170af829",
            "force_destroy": false,
            "id": "fleet-data-041626773691-20260531173909543900000001/sample-data/current/shipments.json",
            "key": "sample-data/current/shipments.json",
            "kms_key_id": null,
            "metadata": null,
            "object_lock_legal_hold_status": "",
            "object_lock_mode": "",
            "object_lock_retain_until_date": "",
            "override_provider": [],
            "region": "eu-central-1",
            "server_side_encryption": "AES256",
            "source": "./../app/data/shipments.json",
            "source_hash": "419217e94963bbf974f0e741170af829",
            "storage_class": "STANDARD",
            "tags": {
              "DataSet": "fleet-sample-data",
              "Name": "current-shipments.json",
              "StorageTier": "standard"
            },
            "tags_all": {
              "DataSet": "fleet-sample-data",
              "Name": "current-shipments.json",
              "StorageTier": "standard"
            },
            "version_id": "i_uCPztdD26t7iVn7XVrxOTg7e5gj10Y",
            "website_redirect": ""
          },
          "sensitive_attributes": [],
          "identity_schema_version": 0,
          "identity": {
            "account_id": "041626773691",
            "bucket": "fleet-data-041626773691-20260531173909543900000001",
            "key": "sample-data/current/shipments.json",
            "region": "eu-central-1"
          },
          "private": "bnVsbA==",
          "dependencies": [
            "aws_s3_bucket.fleet_data",
            "data.aws_caller_identity.current"
          ]
        },
        {
          "index_key": "vehicles.json",
          "schema_version": 0,
          "attributes": {
            "acl": null,
            "arn": "arn:aws:s3:::fleet-data-041626773691-20260531173909543900000001/sample-data/current/vehicles.json",
            "bucket": "fleet-data-041626773691-20260531173909543900000001",
            "bucket_key_enabled": false,
            "cache_control": "",
            "checksum_algorithm": null,
            "checksum_crc32": "",
            "checksum_crc32c": "",
            "checksum_crc64nvme": "",
            "checksum_sha1": "",
            "checksum_sha256": "",
            "content": null,
            "content_base64": null,
            "content_disposition": "",
            "content_encoding": "",
            "content_language": "",
            "content_type": "application/json",
            "etag": "3b56d3cb1ba7abd4bc412dec1c8aae1f",
            "force_destroy": false,
            "id": "fleet-data-041626773691-20260531173909543900000001/sample-data/current/vehicles.json",
            "key": "sample-data/current/vehicles.json",
            "kms_key_id": null,
            "metadata": null,
            "object_lock_legal_hold_status": "",
            "object_lock_mode": "",
            "object_lock_retain_until_date": "",
            "override_provider": [],
            "region": "eu-central-1",
            "server_side_encryption": "AES256",
            "source": "./../app/data/vehicles.json",
            "source_hash": "3b56d3cb1ba7abd4bc412dec1c8aae1f",
            "storage_class": "STANDARD",
            "tags": {
              "DataSet": "fleet-sample-data",
              "Name": "current-vehicles.json",
              "StorageTier": "standard"
            },
            "tags_all": {
              "DataSet": "fleet-sample-data",
              "Name": "current-vehicles.json",
              "StorageTier": "standard"
            },
            "version_id": "",
            "website_redirect": ""
          },
          "sensitive_attributes": [],
          "identity_schema_version": 0,
          "identity": {
            "account_id": "041626773691",
            "bucket": "fleet-data-041626773691-20260531173909543900000001",
            "key": "sample-data/current/vehicles.json",
            "region": "eu-central-1"
          },
          "private": "bnVsbA==",
          "dependencies": [
            "aws_s3_bucket.fleet_data",
            "data.aws_caller_identity.current"
          ]
        },
        {
          "index_key": "warehouses.json",
          "schema_version": 0,
          "attributes": {
            "acl": null,
            "arn": "arn:aws:s3:::fleet-data-041626773691-20260531173909543900000001/sample-data/current/warehouses.json",
            "bucket": "fleet-data-041626773691-20260531173909543900000001",
            "bucket_key_enabled": false,
            "cache_control": "",
            "checksum_algorithm": null,
            "checksum_crc32": "",
            "checksum_crc32c": "",
            "checksum_crc64nvme": "",
            "checksum_sha1": "",
            "checksum_sha256": "",
            "content": null,
            "content_base64": null,
            "content_disposition": "",
            "content_encoding": "",
            "content_language": "",
            "content_type": "application/json",
            "etag": "28a1c2e110905829d899cf71c104e75a",
            "force_destroy": false,
            "id": "fleet-data-041626773691-20260531173909543900000001/sample-data/current/warehouses.json",
            "key": "sample-data/current/warehouses.json",
            "kms_key_id": null,
            "metadata": null,
            "object_lock_legal_hold_status": "",
            "object_lock_mode": "",
            "object_lock_retain_until_date": "",
            "override_provider": [],
            "region": "eu-central-1",
            "server_side_encryption": "AES256",
            "source": "./../app/data/warehouses.json",
            "source_hash": "28a1c2e110905829d899cf71c104e75a",
            "storage_class": "STANDARD",
            "tags": {
              "DataSet": "fleet-sample-data",
              "Name": "current-warehouses.json",
              "StorageTier": "standard"
            },
            "tags_all": {
              "DataSet": "fleet-sample-data",
              "Name": "current-warehouses.json",
              "StorageTier": "standard"
            },
            "version_id": "eqWWOmXtfziNSVUp8JawaTcUYTctMG7o",
            "website_redirect": ""
          },
          "sensitive_attributes": [],
          "identity_schema_version": 0,
          "identity": {
            "account_id": "041626773691",
            "bucket": "fleet-data-041626773691-20260531173909543900000001",
            "key": "sample-data/current/warehouses.json",
            "region": "eu-central-1"
          },
          "private": "bnVsbA==",
          "dependencies": [
            "aws_s3_bucket.fleet_data",
            "data.aws_caller_identity.current"
          ]
        }
      ]
    },
    {
      "mode": "managed",
      "type": "aws_security_group",
      "name": "private_ec2",
      "provider": "provider[\"registry.terraform.io/hashicorp/aws\"]",
      "instances": [
        {
          "schema_version": 1,
          "attributes": {
            "arn": "arn:aws:ec2:eu-central-1:041626773691:security-group/sg-02a31519f451faa51",
            "description": "Allow VPC-internal access to private demo EC2 instances.",
            "egress": [
              {
                "cidr_blocks": [
                  "0.0.0.0/0"
                ],
                "description": "Allow all outbound traffic",
                "from_port": 0,
                "ipv6_cidr_blocks": [],
                "prefix_list_ids": [],
                "protocol": "-1",
                "security_groups": [],
                "self": false,
                "to_port": 0
              }
            ],
            "id": "sg-02a31519f451faa51",
            "ingress": [
              {
                "cidr_blocks": [
                  "10.0.0.0/16"
                ],
                "description": "VPC internal traffic",
                "from_port": 0,
                "ipv6_cidr_blocks": [],
                "prefix_list_ids": [],
                "protocol": "-1",
                "security_groups": [],
                "self": false,
                "to_port": 0
              }
            ],
            "name": "private-ec2-sg",
            "name_prefix": "",
            "owner_id": "041626773691",
            "region": "eu-central-1",
            "revoke_rules_on_delete": false,
            "tags": {
              "Name": "private-ec2-sg"
            },
            "tags_all": {
              "Name": "private-ec2-sg"
            },
            "timeouts": null,
            "vpc_id": "vpc-0be7bfefe153d511c"
          },
          "sensitive_attributes": [],
          "identity_schema_version": 0,
          "identity": {
            "account_id": "041626773691",
            "id": "sg-02a31519f451faa51",
            "region": "eu-central-1"
          },
          "private": "eyJlMmJmYjczMC1lY2FhLTExZTYtOGY4OC0zNDM2M2JjN2M0YzAiOnsiY3JlYXRlIjo2MDAwMDAwMDAwMDAsImRlbGV0ZSI6OTAwMDAwMDAwMDAwfSwic2NoZW1hX3ZlcnNpb24iOiIxIn0=",
          "dependencies": [
            "aws_vpc.main"
          ]
        }
      ]
    },
    {
      "mode": "managed",
      "type": "aws_security_group",
      "name": "public_ec2",
      "provider": "provider[\"registry.terraform.io/hashicorp/aws\"]",
      "instances": [
        {
          "schema_version": 1,
          "attributes": {
            "arn": "arn:aws:ec2:eu-central-1:041626773691:security-group/sg-0b41ea57f9162e8a9",
            "description": "Allow SSH and HTTP access to public demo EC2 instances.",
            "egress": [
              {
                "cidr_blocks": [
                  "0.0.0.0/0"
                ],
                "description": "Allow all outbound traffic",
                "from_port": 0,
                "ipv6_cidr_blocks": [],
                "prefix_list_ids": [],
                "protocol": "-1",
                "security_groups": [],
                "self": false,
                "to_port": 0
              }
            ],
            "id": "sg-0b41ea57f9162e8a9",
            "ingress": [
              {
                "cidr_blocks": [
                  "0.0.0.0/0"
                ],
                "description": "HTTP",
                "from_port": 80,
                "ipv6_cidr_blocks": [],
                "prefix_list_ids": [],
                "protocol": "tcp",
                "security_groups": [],
                "self": false,
                "to_port": 80
              },
              {
                "cidr_blocks": [
                  "0.0.0.0/0"
                ],
                "description": "SSH",
                "from_port": 22,
                "ipv6_cidr_blocks": [],
                "prefix_list_ids": [],
                "protocol": "tcp",
                "security_groups": [],
                "self": false,
                "to_port": 22
              }
            ],
            "name": "public-ec2-sg",
            "name_prefix": "",
            "owner_id": "041626773691",
            "region": "eu-central-1",
            "revoke_rules_on_delete": false,
            "tags": {
              "Name": "public-ec2-sg"
            },
            "tags_all": {
              "Name": "public-ec2-sg"
            },
            "timeouts": null,
            "vpc_id": "vpc-0be7bfefe153d511c"
          },
          "sensitive_attributes": [],
          "identity_schema_version": 0,
          "identity": {
            "account_id": "041626773691",
            "id": "sg-0b41ea57f9162e8a9",
            "region": "eu-central-1"
          },
          "private": "eyJlMmJmYjczMC1lY2FhLTExZTYtOGY4OC0zNDM2M2JjN2M0YzAiOnsiY3JlYXRlIjo2MDAwMDAwMDAwMDAsImRlbGV0ZSI6OTAwMDAwMDAwMDAwfSwic2NoZW1hX3ZlcnNpb24iOiIxIn0=",
          "dependencies": [
            "aws_vpc.main"
          ]
        }
      ]
    },
    {
      "mode": "managed",
      "type": "aws_subnet",
      "name": "private",
      "provider": "provider[\"registry.terraform.io/hashicorp/aws\"]",
      "instances": [
        {
          "index_key": 0,
          "schema_version": 1,
          "attributes": {
            "arn": "arn:aws:ec2:eu-central-1:041626773691:subnet/subnet-03c5121792e4cc935",
            "assign_ipv6_address_on_creation": false,
            "availability_zone": "eu-central-1a",
            "availability_zone_id": "euc1-az2",
            "cidr_block": "10.0.10.0/24",
            "customer_owned_ipv4_pool": "",
            "enable_dns64": false,
            "enable_lni_at_device_index": 0,
            "enable_resource_name_dns_a_record_on_launch": false,
            "enable_resource_name_dns_aaaa_record_on_launch": false,
            "id": "subnet-03c5121792e4cc935",
            "ipv4_ipam_pool_id": null,
            "ipv4_netmask_length": null,
            "ipv6_cidr_block": "",
            "ipv6_cidr_block_association_id": "",
            "ipv6_ipam_pool_id": null,
            "ipv6_native": false,
            "ipv6_netmask_length": null,
            "map_customer_owned_ip_on_launch": false,
            "map_public_ip_on_launch": false,
            "outpost_arn": "",
            "owner_id": "041626773691",
            "private_dns_hostname_type_on_launch": "ip-name",
            "region": "eu-central-1",
            "tags": {
              "Name": "private-subnet-1",
              "Tier": "private"
            },
            "tags_all": {
              "Name": "private-subnet-1",
              "Tier": "private"
            },
            "timeouts": null,
            "vpc_id": "vpc-0be7bfefe153d511c"
          },
          "sensitive_attributes": [],
          "identity_schema_version": 0,
          "identity": {
            "account_id": "041626773691",
            "id": "subnet-03c5121792e4cc935",
            "region": "eu-central-1"
          },
          "private": "eyJlMmJmYjczMC1lY2FhLTExZTYtOGY4OC0zNDM2M2JjN2M0YzAiOnsiY3JlYXRlIjo2MDAwMDAwMDAwMDAsImRlbGV0ZSI6MTIwMDAwMDAwMDAwMH0sInNjaGVtYV92ZXJzaW9uIjoiMSJ9",
          "dependencies": [
            "aws_vpc.main",
            "data.aws_availability_zones.available"
          ]
        },
        {
          "index_key": 1,
          "schema_version": 1,
          "attributes": {
            "arn": "arn:aws:ec2:eu-central-1:041626773691:subnet/subnet-071f273865ae823e2",
            "assign_ipv6_address_on_creation": false,
            "availability_zone": "eu-central-1b",
            "availability_zone_id": "euc1-az3",
            "cidr_block": "10.0.20.0/24",
            "customer_owned_ipv4_pool": "",
            "enable_dns64": false,
            "enable_lni_at_device_index": 0,
            "enable_resource_name_dns_a_record_on_launch": false,
            "enable_resource_name_dns_aaaa_record_on_launch": false,
            "id": "subnet-071f273865ae823e2",
            "ipv4_ipam_pool_id": null,
            "ipv4_netmask_length": null,
            "ipv6_cidr_block": "",
            "ipv6_cidr_block_association_id": "",
            "ipv6_ipam_pool_id": null,
            "ipv6_native": false,
            "ipv6_netmask_length": null,
            "map_customer_owned_ip_on_launch": false,
            "map_public_ip_on_launch": false,
            "outpost_arn": "",
            "owner_id": "041626773691",
            "private_dns_hostname_type_on_launch": "ip-name",
            "region": "eu-central-1",
            "tags": {
              "Name": "private-subnet-2",
              "Tier": "private"
            },
            "tags_all": {
              "Name": "private-subnet-2",
              "Tier": "private"
            },
            "timeouts": null,
            "vpc_id": "vpc-0be7bfefe153d511c"
          },
          "sensitive_attributes": [],
          "identity_schema_version": 0,
          "identity": {
            "account_id": "041626773691",
            "id": "subnet-071f273865ae823e2",
            "region": "eu-central-1"
          },
          "private": "eyJlMmJmYjczMC1lY2FhLTExZTYtOGY4OC0zNDM2M2JjN2M0YzAiOnsiY3JlYXRlIjo2MDAwMDAwMDAwMDAsImRlbGV0ZSI6MTIwMDAwMDAwMDAwMH0sInNjaGVtYV92ZXJzaW9uIjoiMSJ9",
          "dependencies": [
            "aws_vpc.main",
            "data.aws_availability_zones.available"
          ]
        }
      ]
    },
    {
      "mode": "managed",
      "type": "aws_subnet",
      "name": "public",
      "provider": "provider[\"registry.terraform.io/hashicorp/aws\"]",
      "instances": [
        {
          "index_key": 0,
          "schema_version": 1,
          "attributes": {
            "arn": "arn:aws:ec2:eu-central-1:041626773691:subnet/subnet-0cfae1a5be7d10ff2",
            "assign_ipv6_address_on_creation": false,
            "availability_zone": "eu-central-1a",
            "availability_zone_id": "euc1-az2",
            "cidr_block": "10.0.1.0/24",
            "customer_owned_ipv4_pool": "",
            "enable_dns64": false,
            "enable_lni_at_device_index": 0,
            "enable_resource_name_dns_a_record_on_launch": false,
            "enable_resource_name_dns_aaaa_record_on_launch": false,
            "id": "subnet-0cfae1a5be7d10ff2",
            "ipv4_ipam_pool_id": null,
            "ipv4_netmask_length": null,
            "ipv6_cidr_block": "",
            "ipv6_cidr_block_association_id": "",
            "ipv6_ipam_pool_id": null,
            "ipv6_native": false,
            "ipv6_netmask_length": null,
            "map_customer_owned_ip_on_launch": false,
            "map_public_ip_on_launch": true,
            "outpost_arn": "",
            "owner_id": "041626773691",
            "private_dns_hostname_type_on_launch": "ip-name",
            "region": "eu-central-1",
            "tags": {
              "Name": "public-subnet-1",
              "Tier": "public"
            },
            "tags_all": {
              "Name": "public-subnet-1",
              "Tier": "public"
            },
            "timeouts": null,
            "vpc_id": "vpc-0be7bfefe153d511c"
          },
          "sensitive_attributes": [],
          "identity_schema_version": 0,
          "identity": {
            "account_id": "041626773691",
            "id": "subnet-0cfae1a5be7d10ff2",
            "region": "eu-central-1"
          },
          "private": "eyJlMmJmYjczMC1lY2FhLTExZTYtOGY4OC0zNDM2M2JjN2M0YzAiOnsiY3JlYXRlIjo2MDAwMDAwMDAwMDAsImRlbGV0ZSI6MTIwMDAwMDAwMDAwMH0sInNjaGVtYV92ZXJzaW9uIjoiMSJ9",
          "dependencies": [
            "aws_vpc.main",
            "data.aws_availability_zones.available"
          ]
        },
        {
          "index_key": 1,
          "schema_version": 1,
          "attributes": {
            "arn": "arn:aws:ec2:eu-central-1:041626773691:subnet/subnet-0a5d1c901c34f351d",
            "assign_ipv6_address_on_creation": false,
            "availability_zone": "eu-central-1b",
            "availability_zone_id": "euc1-az3",
            "cidr_block": "10.0.2.0/24",
            "customer_owned_ipv4_pool": "",
            "enable_dns64": false,
            "enable_lni_at_device_index": 0,
            "enable_resource_name_dns_a_record_on_launch": false,
            "enable_resource_name_dns_aaaa_record_on_launch": false,
            "id": "subnet-0a5d1c901c34f351d",
            "ipv4_ipam_pool_id": null,
            "ipv4_netmask_length": null,
            "ipv6_cidr_block": "",
            "ipv6_cidr_block_association_id": "",
            "ipv6_ipam_pool_id": null,
            "ipv6_native": false,
            "ipv6_netmask_length": null,
            "map_customer_owned_ip_on_launch": false,
            "map_public_ip_on_launch": true,
            "outpost_arn": "",
            "owner_id": "041626773691",
            "private_dns_hostname_type_on_launch": "ip-name",
            "region": "eu-central-1",
            "tags": {
              "Name": "public-subnet-2",
              "Tier": "public"
            },
            "tags_all": {
              "Name": "public-subnet-2",
              "Tier": "public"
            },
            "timeouts": null,
            "vpc_id": "vpc-0be7bfefe153d511c"
          },
          "sensitive_attributes": [],
          "identity_schema_version": 0,
          "identity": {
            "account_id": "041626773691",
            "id": "subnet-0a5d1c901c34f351d",
            "region": "eu-central-1"
          },
          "private": "eyJlMmJmYjczMC1lY2FhLTExZTYtOGY4OC0zNDM2M2JjN2M0YzAiOnsiY3JlYXRlIjo2MDAwMDAwMDAwMDAsImRlbGV0ZSI6MTIwMDAwMDAwMDAwMH0sInNjaGVtYV92ZXJzaW9uIjoiMSJ9",
          "dependencies": [
            "aws_vpc.main",
            "data.aws_availability_zones.available"
          ]
        }
      ]
    },
    {
      "mode": "managed",
      "type": "aws_vpc",
      "name": "main",
      "provider": "provider[\"registry.terraform.io/hashicorp/aws\"]",
      "instances": [
        {
          "schema_version": 1,
          "attributes": {
            "arn": "arn:aws:ec2:eu-central-1:041626773691:vpc/vpc-0be7bfefe153d511c",
            "assign_generated_ipv6_cidr_block": false,
            "cidr_block": "10.0.0.0/16",
            "default_network_acl_id": "acl-053f9d7c8195f1988",
            "default_route_table_id": "rtb-0348729cb64d7ed20",
            "default_security_group_id": "sg-04039f82be9a6fec1",
            "dhcp_options_id": "dopt-0178784f81501caae",
            "enable_dns_hostnames": true,
            "enable_dns_support": true,
            "enable_network_address_usage_metrics": false,
            "id": "vpc-0be7bfefe153d511c",
            "instance_tenancy": "default",
            "ipv4_ipam_pool_id": null,
            "ipv4_netmask_length": null,
            "ipv6_association_id": "",
            "ipv6_cidr_block": "",
            "ipv6_cidr_block_network_border_group": "",
            "ipv6_ipam_pool_id": "",
            "ipv6_netmask_length": 0,
            "main_route_table_id": "rtb-0348729cb64d7ed20",
            "owner_id": "041626773691",
            "region": "eu-central-1",
            "tags": {
              "Name": "fleet-vpc"
            },
            "tags_all": {
              "Name": "fleet-vpc"
            }
          },
          "sensitive_attributes": [],
          "identity_schema_version": 0,
          "identity": {
            "account_id": "041626773691",
            "id": "vpc-0be7bfefe153d511c",
            "region": "eu-central-1"
          },
          "private": "eyJzY2hlbWFfdmVyc2lvbiI6IjEifQ=="
        }
      ]
    }
  ],
  "check_results": [
    {
      "object_kind": "var",
      "config_addr": "var.private_subnet_cidr",
      "status": "pass",
      "objects": [
        {
          "object_addr": "var.private_subnet_cidr",
          "status": "pass"
        }
      ]
    },
    {
      "object_kind": "var",
      "config_addr": "var.public_subnet_cidr",
      "status": "pass",
      "objects": [
        {
          "object_addr": "var.public_subnet_cidr",
          "status": "pass"
        }
      ]
    }
  ]
}
